// !$*UTF8*$!
{
	archiveVersion = 1;
	classes = {
	};
	objectVersion = 46;
	objects = {

/* Begin PBXBuildFile section */
		870603423EDEE8084C82B37D /* Pods_ZDOpenSourceOCDemo.framework in Frameworks */ = {isa = PBXBuildFile; fileRef = A4875C92958445E434DA6A0B /* Pods_ZDOpenSourceOCDemo.framework */; };
		8AD3EBF0E4449A78434589A7 /* Pods_ZDOpenSourceOCDemoTests.framework in Frameworks */ = {isa = PBXBuildFile; fileRef = 9DD9BC8843CBDE553105876E /* Pods_ZDOpenSourceOCDemoTests.framework */; };
		B2D0033075F39DA1BD94CE52 /* Pods_ZDOpenSourceOCDemoUITests.framework in Frameworks */ = {isa = PBXBuildFile; fileRef = 0A25D25693BAD3A5A676D4DF /* Pods_ZDOpenSourceOCDemoUITests.framework */; };
		DA0177251F48364F00F40F97 /* data.json in Resources */ = {isa = PBXBuildFile; fileRef = DA0177241F48364F00F40F97 /* data.json */; };
		DA25127D1F349AF300633093 /* main.m in Sources */ = {isa = PBXBuildFile; fileRef = DA25127C1F349AF300633093 /* main.m */; };
		DA2512801F349AF300633093 /* AppDelegate.m in Sources */ = {isa = PBXBuildFile; fileRef = DA25127F1F349AF300633093 /* AppDelegate.m */; };
		DA2512861F349AF300633093 /* Main.storyboard in Resources */ = {isa = PBXBuildFile; fileRef = DA2512841F349AF300633093 /* Main.storyboard */; };
		DA2512881F349AF300633093 /* Assets.xcassets in Resources */ = {isa = PBXBuildFile; fileRef = DA2512871F349AF300633093 /* Assets.xcassets */; };
		DA25128B1F349AF300633093 /* LaunchScreen.storyboard in Resources */ = {isa = PBXBuildFile; fileRef = DA2512891F349AF300633093 /* LaunchScreen.storyboard */; };
		DA2512961F349AF300633093 /* ZDOpenSourceOCDemoTests.m in Sources */ = {isa = PBXBuildFile; fileRef = DA2512951F349AF300633093 /* ZDOpenSourceOCDemoTests.m */; };
		DA2512A11F349AF300633093 /* ZDOpenSourceOCDemoUITests.m in Sources */ = {isa = PBXBuildFile; fileRef = DA2512A01F349AF300633093 /* ZDOpenSourceOCDemoUITests.m */; };
		DA2512B31F349B5700633093 /* ViewController.m in Sources */ = {isa = PBXBuildFile; fileRef = DA2512B01F349B5700633093 /* ViewController.m */; };
		DA4005B31F36C52500260064 /* YYFPSLabel.m in Sources */ = {isa = PBXBuildFile; fileRef = DA4005B01F36C52500260064 /* YYFPSLabel.m */; };
		DA4005B41F36C52500260064 /* YYWeakProxy.m in Sources */ = {isa = PBXBuildFile; fileRef = DA4005B21F36C52500260064 /* YYWeakProxy.m */; };
		DAA098451F42C86400303DD4 /* TextureViewController.m in Sources */ = {isa = PBXBuildFile; fileRef = DAA098441F42C86400303DD4 /* TextureViewController.m */; };
		DAA0984A1F442D5800303DD4 /* ZDPlayground.m in Sources */ = {isa = PBXBuildFile; fileRef = DAA098491F442D5800303DD4 /* ZDPlayground.m */; };
		DAE26CBD1F3986590072973F /* play_and_like_it.json in Resources */ = {isa = PBXBuildFile; fileRef = DAE26CB91F3986590072973F /* play_and_like_it.json */; };
		DAE26CBE1F3986590072973F /* progress_success.json in Resources */ = {isa = PBXBuildFile; fileRef = DAE26CBA1F3986590072973F /* progress_success.json */; };
		DAE26CBF1F3986590072973F /* vcTransition1.json in Resources */ = {isa = PBXBuildFile; fileRef = DAE26CBB1F3986590072973F /* vcTransition1.json */; };
		DAE26CC01F3986590072973F /* vcTransition2.json in Resources */ = {isa = PBXBuildFile; fileRef = DAE26CBC1F3986590072973F /* vcTransition2.json */; };
		DAE26CC31F3989850072973F /* LottieViewController.m in Sources */ = {isa = PBXBuildFile; fileRef = DAE26CC21F3989850072973F /* LottieViewController.m */; };
		DAE26CC61F398E170072973F /* YogaKitViewController.m in Sources */ = {isa = PBXBuildFile; fileRef = DAE26CC51F398E170072973F /* YogaKitViewController.m */; };
		DAF193781FDAD869003F6FDA /* YogaCell.m in Sources */ = {isa = PBXBuildFile; fileRef = DAF193771FDAD869003F6FDA /* YogaCell.m */; };
		DAF1937B1FDADA08003F6FDA /* YogaKitListViewController.m in Sources */ = {isa = PBXBuildFile; fileRef = DAF1937A1FDADA08003F6FDA /* YogaKitListViewController.m */; };
		FA4390741FDA350D00342B06 /* Xtrace.mm in Sources */ = {isa = PBXBuildFile; fileRef = FA4390731FDA350D00342B06 /* Xtrace.mm */; };
		FA4390781FDA366A00342B06 /* ZDTraceHandler.m in Sources */ = {isa = PBXBuildFile; fileRef = FA4390771FDA366A00342B06 /* ZDTraceHandler.m */; };
		FA6244E8200F60E5007A9EDC /* ZDBaseViewController.m in Sources */ = {isa = PBXBuildFile; fileRef = FA6244E7200F60E5007A9EDC /* ZDBaseViewController.m */; };
		FA682E511F9E04D0008C3D50 /* TextureCell.m in Sources */ = {isa = PBXBuildFile; fileRef = FA682E501F9E04D0008C3D50 /* TextureCell.m */; };
		FA682E581F9E18F9008C3D50 /* TextureModel.m in Sources */ = {isa = PBXBuildFile; fileRef = FA682E571F9E18F9008C3D50 /* TextureModel.m */; };
		FA682E5C1F9E1A17008C3D50 /* TextureViewModel.m in Sources */ = {isa = PBXBuildFile; fileRef = FA682E5B1F9E1A17008C3D50 /* TextureViewModel.m */; };
		FA9649711FDF7A1E007BDD88 /* YogaKitListViewModel.m in Sources */ = {isa = PBXBuildFile; fileRef = FA9649701FDF7A1E007BDD88 /* YogaKitListViewModel.m */; };
		FA9649741FDF7C54007BDD88 /* ZDTemplateCellHandler.m in Sources */ = {isa = PBXBuildFile; fileRef = FA9649731FDF7C54007BDD88 /* ZDTemplateCellHandler.m */; };
		FABBF13F1FCFC99A000B7D16 /* UIWindow+ZDMotionShake.m in Sources */ = {isa = PBXBuildFile; fileRef = FABBF13E1FCFC99A000B7D16 /* UIWindow+ZDMotionShake.m */; };
/* End PBXBuildFile section */

/* Begin PBXContainerItemProxy section */
		DA2512921F349AF300633093 /* PBXContainerItemProxy */ = {
			isa = PBXContainerItemProxy;
			containerPortal = DA2512701F349AF300633093 /* Project object */;
			proxyType = 1;
			remoteGlobalIDString = DA2512771F349AF300633093;
			remoteInfo = ZDOpenSourceOCDemo;
		};
		DA25129D1F349AF300633093 /* PBXContainerItemProxy */ = {
			isa = PBXContainerItemProxy;
			containerPortal = DA2512701F349AF300633093 /* Project object */;
			proxyType = 1;
			remoteGlobalIDString = DA2512771F349AF300633093;
			remoteInfo = ZDOpenSourceOCDemo;
		};
/* End PBXContainerItemProxy section */

/* Begin PBXFileReference section */
		0A25D25693BAD3A5A676D4DF /* Pods_ZDOpenSourceOCDemoUITests.framework */ = {isa = PBXFileReference; explicitFileType = wrapper.framework; includeInIndex = 0; path = Pods_ZDOpenSourceOCDemoUITests.framework; sourceTree = BUILT_PRODUCTS_DIR; };
		0C6E7D9FEF1A71CAE2AB0A46 /* Pods-ZDOpenSourceOCDemoTests.debug.xcconfig */ = {isa = PBXFileReference; includeInIndex = 1; lastKnownFileType = text.xcconfig; name = "Pods-ZDOpenSourceOCDemoTests.debug.xcconfig"; path = "Pods/Target Support Files/Pods-ZDOpenSourceOCDemoTests/Pods-ZDOpenSourceOCDemoTests.debug.xcconfig"; sourceTree = "<group>"; };
		612FB2CB1D5AF0AB38078122 /* Pods-ZDOpenSourceOCDemoTests.release.xcconfig */ = {isa = PBXFileReference; includeInIndex = 1; lastKnownFileType = text.xcconfig; name = "Pods-ZDOpenSourceOCDemoTests.release.xcconfig"; path = "Pods/Target Support Files/Pods-ZDOpenSourceOCDemoTests/Pods-ZDOpenSourceOCDemoTests.release.xcconfig"; sourceTree = "<group>"; };
		74E98E3413D19D482A72E224 /* Pods-ZDOpenSourceOCDemoUITests.debug.xcconfig */ = {isa = PBXFileReference; includeInIndex = 1; lastKnownFileType = text.xcconfig; name = "Pods-ZDOpenSourceOCDemoUITests.debug.xcconfig"; path = "Pods/Target Support Files/Pods-ZDOpenSourceOCDemoUITests/Pods-ZDOpenSourceOCDemoUITests.debug.xcconfig"; sourceTree = "<group>"; };
		8130AE0D880F2830B6FF140A /* Pods-ZDOpenSourceOCDemo.release.xcconfig */ = {isa = PBXFileReference; includeInIndex = 1; lastKnownFileType = text.xcconfig; name = "Pods-ZDOpenSourceOCDemo.release.xcconfig"; path = "Pods/Target Support Files/Pods-ZDOpenSourceOCDemo/Pods-ZDOpenSourceOCDemo.release.xcconfig"; sourceTree = "<group>"; };
		9DD9BC8843CBDE553105876E /* Pods_ZDOpenSourceOCDemoTests.framework */ = {isa = PBXFileReference; explicitFileType = wrapper.framework; includeInIndex = 0; path = Pods_ZDOpenSourceOCDemoTests.framework; sourceTree = BUILT_PRODUCTS_DIR; };
		A4875C92958445E434DA6A0B /* Pods_ZDOpenSourceOCDemo.framework */ = {isa = PBXFileReference; explicitFileType = wrapper.framework; includeInIndex = 0; path = Pods_ZDOpenSourceOCDemo.framework; sourceTree = BUILT_PRODUCTS_DIR; };
		DA0177241F48364F00F40F97 /* data.json */ = {isa = PBXFileReference; fileEncoding = 4; lastKnownFileType = text.json; path = data.json; sourceTree = "<group>"; };
		DA2512781F349AF300633093 /* ZDOpenSourceOCDemo.app */ = {isa = PBXFileReference; explicitFileType = wrapper.application; includeInIndex = 0; path = ZDOpenSourceOCDemo.app; sourceTree = BUILT_PRODUCTS_DIR; };
		DA25127C1F349AF300633093 /* main.m */ = {isa = PBXFileReference; lastKnownFileType = sourcecode.c.objc; path = main.m; sourceTree = "<group>"; };
		DA25127E1F349AF300633093 /* AppDelegate.h */ = {isa = PBXFileReference; lastKnownFileType = sourcecode.c.h; path = AppDelegate.h; sourceTree = "<group>"; };
		DA25127F1F349AF300633093 /* AppDelegate.m */ = {isa = PBXFileReference; lastKnownFileType = sourcecode.c.objc; path = AppDelegate.m; sourceTree = "<group>"; };
		DA2512851F349AF300633093 /* Base */ = {isa = PBXFileReference; lastKnownFileType = file.storyboard; name = Base; path = Base.lproj/Main.storyboard; sourceTree = "<group>"; };
		DA2512871F349AF300633093 /* Assets.xcassets */ = {isa = PBXFileReference; lastKnownFileType = folder.assetcatalog; path = Assets.xcassets; sourceTree = "<group>"; };
		DA25128A1F349AF300633093 /* Base */ = {isa = PBXFileReference; lastKnownFileType = file.storyboard; name = Base; path = Base.lproj/LaunchScreen.storyboard; sourceTree = "<group>"; };
		DA25128C1F349AF300633093 /* Info.plist */ = {isa = PBXFileReference; lastKnownFileType = text.plist.xml; path = Info.plist; sourceTree = "<group>"; };
		DA2512911F349AF300633093 /* ZDOpenSourceOCDemoTests.xctest */ = {isa = PBXFileReference; explicitFileType = wrapper.cfbundle; includeInIndex = 0; path = ZDOpenSourceOCDemoTests.xctest; sourceTree = BUILT_PRODUCTS_DIR; };
		DA2512951F349AF300633093 /* ZDOpenSourceOCDemoTests.m */ = {isa = PBXFileReference; lastKnownFileType = sourcecode.c.objc; path = ZDOpenSourceOCDemoTests.m; sourceTree = "<group>"; };
		DA2512971F349AF300633093 /* Info.plist */ = {isa = PBXFileReference; lastKnownFileType = text.plist.xml; path = Info.plist; sourceTree = "<group>"; };
		DA25129C1F349AF300633093 /* ZDOpenSourceOCDemoUITests.xctest */ = {isa = PBXFileReference; explicitFileType = wrapper.cfbundle; includeInIndex = 0; path = ZDOpenSourceOCDemoUITests.xctest; sourceTree = BUILT_PRODUCTS_DIR; };
		DA2512A01F349AF300633093 /* ZDOpenSourceOCDemoUITests.m */ = {isa = PBXFileReference; lastKnownFileType = sourcecode.c.objc; path = ZDOpenSourceOCDemoUITests.m; sourceTree = "<group>"; };
		DA2512A21F349AF300633093 /* Info.plist */ = {isa = PBXFileReference; lastKnownFileType = text.plist.xml; path = Info.plist; sourceTree = "<group>"; };
		DA2512AF1F349B5700633093 /* ViewController.h */ = {isa = PBXFileReference; fileEncoding = 4; lastKnownFileType = sourcecode.c.h; path = ViewController.h; sourceTree = "<group>"; };
		DA2512B01F349B5700633093 /* ViewController.m */ = {isa = PBXFileReference; fileEncoding = 4; lastKnownFileType = sourcecode.c.objc; path = ViewController.m; sourceTree = "<group>"; };
		DA4005AF1F36C52500260064 /* YYFPSLabel.h */ = {isa = PBXFileReference; fileEncoding = 4; lastKnownFileType = sourcecode.c.h; path = YYFPSLabel.h; sourceTree = "<group>"; };
		DA4005B01F36C52500260064 /* YYFPSLabel.m */ = {isa = PBXFileReference; fileEncoding = 4; lastKnownFileType = sourcecode.c.objc; path = YYFPSLabel.m; sourceTree = "<group>"; };
		DA4005B11F36C52500260064 /* YYWeakProxy.h */ = {isa = PBXFileReference; fileEncoding = 4; lastKnownFileType = sourcecode.c.h; path = YYWeakProxy.h; sourceTree = "<group>"; };
		DA4005B21F36C52500260064 /* YYWeakProxy.m */ = {isa = PBXFileReference; fileEncoding = 4; lastKnownFileType = sourcecode.c.objc; path = YYWeakProxy.m; sourceTree = "<group>"; };
		DAA098431F42C86400303DD4 /* TextureViewController.h */ = {isa = PBXFileReference; fileEncoding = 4; lastKnownFileType = sourcecode.c.h; path = TextureViewController.h; sourceTree = "<group>"; };
		DAA098441F42C86400303DD4 /* TextureViewController.m */ = {isa = PBXFileReference; fileEncoding = 4; lastKnownFileType = sourcecode.c.objc; path = TextureViewController.m; sourceTree = "<group>"; };
		DAA098481F442D5800303DD4 /* ZDPlayground.h */ = {isa = PBXFileReference; fileEncoding = 4; lastKnownFileType = sourcecode.c.h; path = ZDPlayground.h; sourceTree = "<group>"; };
		DAA098491F442D5800303DD4 /* ZDPlayground.m */ = {isa = PBXFileReference; fileEncoding = 4; lastKnownFileType = sourcecode.c.objc; path = ZDPlayground.m; sourceTree = "<group>"; };
		DAE26CB91F3986590072973F /* play_and_like_it.json */ = {isa = PBXFileReference; fileEncoding = 4; lastKnownFileType = text.json; path = play_and_like_it.json; sourceTree = "<group>"; };
		DAE26CBA1F3986590072973F /* progress_success.json */ = {isa = PBXFileReference; fileEncoding = 4; lastKnownFileType = text.json; path = progress_success.json; sourceTree = "<group>"; };
		DAE26CBB1F3986590072973F /* vcTransition1.json */ = {isa = PBXFileReference; fileEncoding = 4; lastKnownFileType = text.json; path = vcTransition1.json; sourceTree = "<group>"; };
		DAE26CBC1F3986590072973F /* vcTransition2.json */ = {isa = PBXFileReference; fileEncoding = 4; lastKnownFileType = text.json; path = vcTransition2.json; sourceTree = "<group>"; };
		DAE26CC11F3989850072973F /* LottieViewController.h */ = {isa = PBXFileReference; fileEncoding = 4; lastKnownFileType = sourcecode.c.h; path = LottieViewController.h; sourceTree = "<group>"; };
		DAE26CC21F3989850072973F /* LottieViewController.m */ = {isa = PBXFileReference; fileEncoding = 4; lastKnownFileType = sourcecode.c.objc; path = LottieViewController.m; sourceTree = "<group>"; };
		DAE26CC41F398E170072973F /* YogaKitViewController.h */ = {isa = PBXFileReference; fileEncoding = 4; lastKnownFileType = sourcecode.c.h; path = YogaKitViewController.h; sourceTree = "<group>"; };
		DAE26CC51F398E170072973F /* YogaKitViewController.m */ = {isa = PBXFileReference; fileEncoding = 4; lastKnownFileType = sourcecode.c.objc; path = YogaKitViewController.m; sourceTree = "<group>"; };
		DAF193761FDAD869003F6FDA /* YogaCell.h */ = {isa = PBXFileReference; lastKnownFileType = sourcecode.c.h; path = YogaCell.h; sourceTree = "<group>"; };
		DAF193771FDAD869003F6FDA /* YogaCell.m */ = {isa = PBXFileReference; lastKnownFileType = sourcecode.c.objc; path = YogaCell.m; sourceTree = "<group>"; };
		DAF193791FDADA08003F6FDA /* YogaKitListViewController.h */ = {isa = PBXFileReference; lastKnownFileType = sourcecode.c.h; path = YogaKitListViewController.h; sourceTree = "<group>"; };
		DAF1937A1FDADA08003F6FDA /* YogaKitListViewController.m */ = {isa = PBXFileReference; lastKnownFileType = sourcecode.c.objc; path = YogaKitListViewController.m; sourceTree = "<group>"; };
		DED6398BF0F3395E7AE1408D /* Pods-ZDOpenSourceOCDemo.debug.xcconfig */ = {isa = PBXFileReference; includeInIndex = 1; lastKnownFileType = text.xcconfig; name = "Pods-ZDOpenSourceOCDemo.debug.xcconfig"; path = "Pods/Target Support Files/Pods-ZDOpenSourceOCDemo/Pods-ZDOpenSourceOCDemo.debug.xcconfig"; sourceTree = "<group>"; };
		FA4390721FDA350D00342B06 /* Xtrace.h */ = {isa = PBXFileReference; fileEncoding = 4; lastKnownFileType = sourcecode.c.h; path = Xtrace.h; sourceTree = "<group>"; };
		FA4390731FDA350D00342B06 /* Xtrace.mm */ = {isa = PBXFileReference; fileEncoding = 4; lastKnownFileType = sourcecode.cpp.objcpp; path = Xtrace.mm; sourceTree = "<group>"; };
		FA4390761FDA366A00342B06 /* ZDTraceHandler.h */ = {isa = PBXFileReference; lastKnownFileType = sourcecode.c.h; path = ZDTraceHandler.h; sourceTree = "<group>"; };
		FA4390771FDA366A00342B06 /* ZDTraceHandler.m */ = {isa = PBXFileReference; lastKnownFileType = sourcecode.c.objc; path = ZDTraceHandler.m; sourceTree = "<group>"; };
		FA52023809EA456FA45299D9 /* Pods-ZDOpenSourceOCDemoUITests.release.xcconfig */ = {isa = PBXFileReference; includeInIndex = 1; lastKnownFileType = text.xcconfig; name = "Pods-ZDOpenSourceOCDemoUITests.release.xcconfig"; path = "Pods/Target Support Files/Pods-ZDOpenSourceOCDemoUITests/Pods-ZDOpenSourceOCDemoUITests.release.xcconfig"; sourceTree = "<group>"; };
		FA6244E6200F60E5007A9EDC /* ZDBaseViewController.h */ = {isa = PBXFileReference; fileEncoding = 4; lastKnownFileType = sourcecode.c.h; path = ZDBaseViewController.h; sourceTree = "<group>"; };
		FA6244E7200F60E5007A9EDC /* ZDBaseViewController.m */ = {isa = PBXFileReference; fileEncoding = 4; lastKnownFileType = sourcecode.c.objc; path = ZDBaseViewController.m; sourceTree = "<group>"; };
		FA682E4F1F9E04D0008C3D50 /* TextureCell.h */ = {isa = PBXFileReference; lastKnownFileType = sourcecode.c.h; path = TextureCell.h; sourceTree = "<group>"; };
		FA682E501F9E04D0008C3D50 /* TextureCell.m */ = {isa = PBXFileReference; lastKnownFileType = sourcecode.c.objc; path = TextureCell.m; sourceTree = "<group>"; };
		FA682E561F9E18F9008C3D50 /* TextureModel.h */ = {isa = PBXFileReference; lastKnownFileType = sourcecode.c.h; path = TextureModel.h; sourceTree = "<group>"; };
		FA682E571F9E18F9008C3D50 /* TextureModel.m */ = {isa = PBXFileReference; lastKnownFileType = sourcecode.c.objc; path = TextureModel.m; sourceTree = "<group>"; };
		FA682E5A1F9E1A17008C3D50 /* TextureViewModel.h */ = {isa = PBXFileReference; lastKnownFileType = sourcecode.c.h; path = TextureViewModel.h; sourceTree = "<group>"; };
		FA682E5B1F9E1A17008C3D50 /* TextureViewModel.m */ = {isa = PBXFileReference; lastKnownFileType = sourcecode.c.objc; path = TextureViewModel.m; sourceTree = "<group>"; };
		FA96496F1FDF7A1E007BDD88 /* YogaKitListViewModel.h */ = {isa = PBXFileReference; lastKnownFileType = sourcecode.c.h; path = YogaKitListViewModel.h; sourceTree = "<group>"; };
		FA9649701FDF7A1E007BDD88 /* YogaKitListViewModel.m */ = {isa = PBXFileReference; lastKnownFileType = sourcecode.c.objc; path = YogaKitListViewModel.m; sourceTree = "<group>"; };
		FA9649721FDF7C54007BDD88 /* ZDTemplateCellHandler.h */ = {isa = PBXFileReference; lastKnownFileType = sourcecode.c.h; path = ZDTemplateCellHandler.h; sourceTree = "<group>"; };
		FA9649731FDF7C54007BDD88 /* ZDTemplateCellHandler.m */ = {isa = PBXFileReference; lastKnownFileType = sourcecode.c.objc; path = ZDTemplateCellHandler.m; sourceTree = "<group>"; };
		FABBF13D1FCFC99A000B7D16 /* UIWindow+ZDMotionShake.h */ = {isa = PBXFileReference; lastKnownFileType = sourcecode.c.h; path = "UIWindow+ZDMotionShake.h"; sourceTree = "<group>"; };
		FABBF13E1FCFC99A000B7D16 /* UIWindow+ZDMotionShake.m */ = {isa = PBXFileReference; lastKnownFileType = sourcecode.c.objc; path = "UIWindow+ZDMotionShake.m"; sourceTree = "<group>"; };
/* End PBXFileReference section */

/* Begin PBXFrameworksBuildPhase section */
		DA2512751F349AF300633093 /* Frameworks */ = {
			isa = PBXFrameworksBuildPhase;
			buildActionMask = 2147483647;
			files = (
				870603423EDEE8084C82B37D /* Pods_ZDOpenSourceOCDemo.framework in Frameworks */,
			);
			runOnlyForDeploymentPostprocessing = 0;
		};
		DA25128E1F349AF300633093 /* Frameworks */ = {
			isa = PBXFrameworksBuildPhase;
			buildActionMask = 2147483647;
			files = (
				8AD3EBF0E4449A78434589A7 /* Pods_ZDOpenSourceOCDemoTests.framework in Frameworks */,
			);
			runOnlyForDeploymentPostprocessing = 0;
		};
		DA2512991F349AF300633093 /* Frameworks */ = {
			isa = PBXFrameworksBuildPhase;
			buildActionMask = 2147483647;
			files = (
				B2D0033075F39DA1BD94CE52 /* Pods_ZDOpenSourceOCDemoUITests.framework in Frameworks */,
			);
			runOnlyForDeploymentPostprocessing = 0;
		};
/* End PBXFrameworksBuildPhase section */

/* Begin PBXGroup section */
		57E504321663C758FA0CD2E8 /* Pods */ = {
			isa = PBXGroup;
			children = (
				DED6398BF0F3395E7AE1408D /* Pods-ZDOpenSourceOCDemo.debug.xcconfig */,
				8130AE0D880F2830B6FF140A /* Pods-ZDOpenSourceOCDemo.release.xcconfig */,
				0C6E7D9FEF1A71CAE2AB0A46 /* Pods-ZDOpenSourceOCDemoTests.debug.xcconfig */,
				612FB2CB1D5AF0AB38078122 /* Pods-ZDOpenSourceOCDemoTests.release.xcconfig */,
				74E98E3413D19D482A72E224 /* Pods-ZDOpenSourceOCDemoUITests.debug.xcconfig */,
				FA52023809EA456FA45299D9 /* Pods-ZDOpenSourceOCDemoUITests.release.xcconfig */,
			);
			name = Pods;
			sourceTree = "<group>";
		};
		DA25126F1F349AF300633093 = {
			isa = PBXGroup;
			children = (
				DA25127A1F349AF300633093 /* ZDOpenSourceOCDemo */,
				DA2512941F349AF300633093 /* ZDOpenSourceOCDemoTests */,
				DA25129F1F349AF300633093 /* ZDOpenSourceOCDemoUITests */,
				DA2512791F349AF300633093 /* Products */,
				57E504321663C758FA0CD2E8 /* Pods */,
				E0D8AB0F380C55A6F21C13B8 /* Frameworks */,
			);
			sourceTree = "<group>";
		};
		DA2512791F349AF300633093 /* Products */ = {
			isa = PBXGroup;
			children = (
				DA2512781F349AF300633093 /* ZDOpenSourceOCDemo.app */,
				DA2512911F349AF300633093 /* ZDOpenSourceOCDemoTests.xctest */,
				DA25129C1F349AF300633093 /* ZDOpenSourceOCDemoUITests.xctest */,
			);
			name = Products;
			sourceTree = "<group>";
		};
		DA25127A1F349AF300633093 /* ZDOpenSourceOCDemo */ = {
			isa = PBXGroup;
			children = (
				DA40057B1F36C11600260064 /* Vendor */,
				DA2512AE1F349B5700633093 /* Controllers */,
				DA2512B21F349B5700633093 /* Views */,
				DA4005B51F36C60900260064 /* Models */,
				FA682E591F9E19F7008C3D50 /* ViewModels */,
				FABBF13C1FCFC93D000B7D16 /* Category */,
				FA4390751FDA362300342B06 /* Tools */,
				FA75583B1FA02E7B008ABCC0 /* SystemFile */,
				DAE26CB71F3985F50072973F /* Resource */,
				DAA0981A1F39F2AA00303DD4 /* Frameworks */,
				DA25127B1F349AF300633093 /* Supporting Files */,
			);
			path = ZDOpenSourceOCDemo;
			sourceTree = "<group>";
		};
		DA25127B1F349AF300633093 /* Supporting Files */ = {
			isa = PBXGroup;
			children = (
				DA25127C1F349AF300633093 /* main.m */,
			);
			name = "Supporting Files";
			sourceTree = "<group>";
		};
		DA2512941F349AF300633093 /* ZDOpenSourceOCDemoTests */ = {
			isa = PBXGroup;
			children = (
				DA2512951F349AF300633093 /* ZDOpenSourceOCDemoTests.m */,
				DA2512971F349AF300633093 /* Info.plist */,
			);
			path = ZDOpenSourceOCDemoTests;
			sourceTree = "<group>";
		};
		DA25129F1F349AF300633093 /* ZDOpenSourceOCDemoUITests */ = {
			isa = PBXGroup;
			children = (
				DA2512A01F349AF300633093 /* ZDOpenSourceOCDemoUITests.m */,
				DA2512A21F349AF300633093 /* Info.plist */,
			);
			path = ZDOpenSourceOCDemoUITests;
			sourceTree = "<group>";
		};
		DA2512AE1F349B5700633093 /* Controllers */ = {
			isa = PBXGroup;
			children = (
				DA2512AF1F349B5700633093 /* ViewController.h */,
				DA2512B01F349B5700633093 /* ViewController.m */,
				FA6244E5200F60E5007A9EDC /* BaseController */,
				DAE26CB21F3985A40072973F /* IGListKitController */,
				DAE26CB31F3985A40072973F /* JLRoteController */,
				DAE26CB41F3985A40072973F /* LottieController */,
				DAE26CB51F3985A40072973F /* TextureController */,
				DAE26CB61F3985A40072973F /* YogaController */,
			);
			path = Controllers;
			sourceTree = "<group>";
		};
		DA2512B21F349B5700633093 /* Views */ = {
			isa = PBXGroup;
			children = (
				FA7558331F9F1234008ABCC0 /* Playground */,
				FA682E4E1F9E0491008C3D50 /* TextureCells */,
				DAF193751FDAD77D003F6FDA /* YogaCells */,
			);
			path = Views;
			sourceTree = "<group>";
		};
		DA40057B1F36C11600260064 /* Vendor */ = {
			isa = PBXGroup;
			children = (
				FA4390711FDA34F600342B06 /* Xtrace */,
				DA4005AE1F36C52500260064 /* YYKit */,
			);
			path = Vendor;
			sourceTree = "<group>";
		};
		DA4005AE1F36C52500260064 /* YYKit */ = {
			isa = PBXGroup;
			children = (
				DA4005AF1F36C52500260064 /* YYFPSLabel.h */,
				DA4005B01F36C52500260064 /* YYFPSLabel.m */,
				DA4005B11F36C52500260064 /* YYWeakProxy.h */,
				DA4005B21F36C52500260064 /* YYWeakProxy.m */,
			);
			path = YYKit;
			sourceTree = "<group>";
		};
		DA4005B51F36C60900260064 /* Models */ = {
			isa = PBXGroup;
			children = (
				FA682E551F9E18DB008C3D50 /* TextureModel */,
			);
			path = Models;
			sourceTree = "<group>";
		};
		DAA0981A1F39F2AA00303DD4 /* Frameworks */ = {
			isa = PBXGroup;
			children = (
			);
			path = Frameworks;
			sourceTree = "<group>";
		};
		DAE26CB21F3985A40072973F /* IGListKitController */ = {
			isa = PBXGroup;
			children = (
			);
			path = IGListKitController;
			sourceTree = "<group>";
		};
		DAE26CB31F3985A40072973F /* JLRoteController */ = {
			isa = PBXGroup;
			children = (
			);
			path = JLRoteController;
			sourceTree = "<group>";
		};
		DAE26CB41F3985A40072973F /* LottieController */ = {
			isa = PBXGroup;
			children = (
				DAE26CC11F3989850072973F /* LottieViewController.h */,
				DAE26CC21F3989850072973F /* LottieViewController.m */,
			);
			path = LottieController;
			sourceTree = "<group>";
		};
		DAE26CB51F3985A40072973F /* TextureController */ = {
			isa = PBXGroup;
			children = (
				DAA098431F42C86400303DD4 /* TextureViewController.h */,
				DAA098441F42C86400303DD4 /* TextureViewController.m */,
			);
			path = TextureController;
			sourceTree = "<group>";
		};
		DAE26CB61F3985A40072973F /* YogaController */ = {
			isa = PBXGroup;
			children = (
				DAE26CC41F398E170072973F /* YogaKitViewController.h */,
				DAE26CC51F398E170072973F /* YogaKitViewController.m */,
				DAF193791FDADA08003F6FDA /* YogaKitListViewController.h */,
				DAF1937A1FDADA08003F6FDA /* YogaKitListViewController.m */,
			);
			path = YogaController;
			sourceTree = "<group>";
		};
		DAE26CB71F3985F50072973F /* Resource */ = {
			isa = PBXGroup;
			children = (
				DA0177241F48364F00F40F97 /* data.json */,
				DAE26CB81F3986460072973F /* LottieJson */,
			);
			path = Resource;
			sourceTree = "<group>";
		};
		DAE26CB81F3986460072973F /* LottieJson */ = {
			isa = PBXGroup;
			children = (
				DAE26CB91F3986590072973F /* play_and_like_it.json */,
				DAE26CBA1F3986590072973F /* progress_success.json */,
				DAE26CBB1F3986590072973F /* vcTransition1.json */,
				DAE26CBC1F3986590072973F /* vcTransition2.json */,
			);
			path = LottieJson;
			sourceTree = "<group>";
		};
		DAF193751FDAD77D003F6FDA /* YogaCells */ = {
			isa = PBXGroup;
			children = (
				DAF193761FDAD869003F6FDA /* YogaCell.h */,
				DAF193771FDAD869003F6FDA /* YogaCell.m */,
			);
			path = YogaCells;
			sourceTree = "<group>";
		};
		E0D8AB0F380C55A6F21C13B8 /* Frameworks */ = {
			isa = PBXGroup;
			children = (
				A4875C92958445E434DA6A0B /* Pods_ZDOpenSourceOCDemo.framework */,
				9DD9BC8843CBDE553105876E /* Pods_ZDOpenSourceOCDemoTests.framework */,
				0A25D25693BAD3A5A676D4DF /* Pods_ZDOpenSourceOCDemoUITests.framework */,
			);
			name = Frameworks;
			sourceTree = "<group>";
		};
		FA4390711FDA34F600342B06 /* Xtrace */ = {
			isa = PBXGroup;
			children = (
				FA4390721FDA350D00342B06 /* Xtrace.h */,
				FA4390731FDA350D00342B06 /* Xtrace.mm */,
			);
			path = Xtrace;
			sourceTree = "<group>";
		};
		FA4390751FDA362300342B06 /* Tools */ = {
			isa = PBXGroup;
			children = (
				FA4390761FDA366A00342B06 /* ZDTraceHandler.h */,
				FA4390771FDA366A00342B06 /* ZDTraceHandler.m */,
				FA9649721FDF7C54007BDD88 /* ZDTemplateCellHandler.h */,
				FA9649731FDF7C54007BDD88 /* ZDTemplateCellHandler.m */,
			);
			path = Tools;
			sourceTree = "<group>";
		};
		FA6244E5200F60E5007A9EDC /* BaseController */ = {
			isa = PBXGroup;
			children = (
				FA6244E6200F60E5007A9EDC /* ZDBaseViewController.h */,
				FA6244E7200F60E5007A9EDC /* ZDBaseViewController.m */,
			);
			path = BaseController;
			sourceTree = "<group>";
		};
		FA682E4E1F9E0491008C3D50 /* TextureCells */ = {
			isa = PBXGroup;
			children = (
				FA682E4F1F9E04D0008C3D50 /* TextureCell.h */,
				FA682E501F9E04D0008C3D50 /* TextureCell.m */,
			);
			path = TextureCells;
			sourceTree = "<group>";
		};
		FA682E551F9E18DB008C3D50 /* TextureModel */ = {
			isa = PBXGroup;
			children = (
				FA682E561F9E18F9008C3D50 /* TextureModel.h */,
				FA682E571F9E18F9008C3D50 /* TextureModel.m */,
			);
			path = TextureModel;
			sourceTree = "<group>";
		};
		FA682E591F9E19F7008C3D50 /* ViewModels */ = {
			isa = PBXGroup;
			children = (
				FA682E5A1F9E1A17008C3D50 /* TextureViewModel.h */,
				FA682E5B1F9E1A17008C3D50 /* TextureViewModel.m */,
				FA96496F1FDF7A1E007BDD88 /* YogaKitListViewModel.h */,
				FA9649701FDF7A1E007BDD88 /* YogaKitListViewModel.m */,
			);
			path = ViewModels;
			sourceTree = "<group>";
		};
		FA7558331F9F1234008ABCC0 /* Playground */ = {
			isa = PBXGroup;
			children = (
				DAA098481F442D5800303DD4 /* ZDPlayground.h */,
				DAA098491F442D5800303DD4 /* ZDPlayground.m */,
			);
			path = Playground;
			sourceTree = "<group>";
		};
		FA75583B1FA02E7B008ABCC0 /* SystemFile */ = {
			isa = PBXGroup;
			children = (
				DA25127E1F349AF300633093 /* AppDelegate.h */,
				DA25127F1F349AF300633093 /* AppDelegate.m */,
				DA2512841F349AF300633093 /* Main.storyboard */,
				DA2512871F349AF300633093 /* Assets.xcassets */,
				DA2512891F349AF300633093 /* LaunchScreen.storyboard */,
				DA25128C1F349AF300633093 /* Info.plist */,
			);
			name = SystemFile;
			sourceTree = "<group>";
		};
		FABBF13C1FCFC93D000B7D16 /* Category */ = {
			isa = PBXGroup;
			children = (
				FABBF13D1FCFC99A000B7D16 /* UIWindow+ZDMotionShake.h */,
				FABBF13E1FCFC99A000B7D16 /* UIWindow+ZDMotionShake.m */,
			);
			path = Category;
			sourceTree = "<group>";
		};
/* End PBXGroup section */

/* Begin PBXNativeTarget section */
		DA2512771F349AF300633093 /* ZDOpenSourceOCDemo */ = {
			isa = PBXNativeTarget;
			buildConfigurationList = DA2512A51F349AF300633093 /* Build configuration list for PBXNativeTarget "ZDOpenSourceOCDemo" */;
			buildPhases = (
				44A7840E5C7EC65F48354A16 /* [CP] Check Pods Manifest.lock */,
				DA2512741F349AF300633093 /* Sources */,
				DA2512751F349AF300633093 /* Frameworks */,
				DA2512761F349AF300633093 /* Resources */,
				43C56AC107F6E5555355A1ED /* [CP] Embed Pods Frameworks */,
			);
			buildRules = (
			);
			dependencies = (
			);
			name = ZDOpenSourceOCDemo;
			productName = ZDOpenSourceOCDemo;
			productReference = DA2512781F349AF300633093 /* ZDOpenSourceOCDemo.app */;
			productType = "com.apple.product-type.application";
		};
		DA2512901F349AF300633093 /* ZDOpenSourceOCDemoTests */ = {
			isa = PBXNativeTarget;
			buildConfigurationList = DA2512A81F349AF300633093 /* Build configuration list for PBXNativeTarget "ZDOpenSourceOCDemoTests" */;
			buildPhases = (
				E8D80B236EADCC55FF3662A1 /* [CP] Check Pods Manifest.lock */,
				DA25128D1F349AF300633093 /* Sources */,
				DA25128E1F349AF300633093 /* Frameworks */,
				DA25128F1F349AF300633093 /* Resources */,
			);
			buildRules = (
			);
			dependencies = (
				DA2512931F349AF300633093 /* PBXTargetDependency */,
			);
			name = ZDOpenSourceOCDemoTests;
			productName = ZDOpenSourceOCDemoTests;
			productReference = DA2512911F349AF300633093 /* ZDOpenSourceOCDemoTests.xctest */;
			productType = "com.apple.product-type.bundle.unit-test";
		};
		DA25129B1F349AF300633093 /* ZDOpenSourceOCDemoUITests */ = {
			isa = PBXNativeTarget;
			buildConfigurationList = DA2512AB1F349AF300633093 /* Build configuration list for PBXNativeTarget "ZDOpenSourceOCDemoUITests" */;
			buildPhases = (
				A5CAEBEF8523207B60A03A44 /* [CP] Check Pods Manifest.lock */,
				DA2512981F349AF300633093 /* Sources */,
				DA2512991F349AF300633093 /* Frameworks */,
				DA25129A1F349AF300633093 /* Resources */,
			);
			buildRules = (
			);
			dependencies = (
				DA25129E1F349AF300633093 /* PBXTargetDependency */,
			);
			name = ZDOpenSourceOCDemoUITests;
			productName = ZDOpenSourceOCDemoUITests;
			productReference = DA25129C1F349AF300633093 /* ZDOpenSourceOCDemoUITests.xctest */;
			productType = "com.apple.product-type.bundle.ui-testing";
		};
/* End PBXNativeTarget section */

/* Begin PBXProject section */
		DA2512701F349AF300633093 /* Project object */ = {
			isa = PBXProject;
			attributes = {
				LastUpgradeCheck = 0920;
				ORGANIZATIONNAME = Zero.D.Saber;
				TargetAttributes = {
					DA2512771F349AF300633093 = {
						CreatedOnToolsVersion = 8.3.3;
						DevelopmentTeam = 36NX5886GJ;
						ProvisioningStyle = Automatic;
					};
					DA2512901F349AF300633093 = {
						CreatedOnToolsVersion = 8.3.3;
						ProvisioningStyle = Automatic;
						TestTargetID = DA2512771F349AF300633093;
					};
					DA25129B1F349AF300633093 = {
						CreatedOnToolsVersion = 8.3.3;
						ProvisioningStyle = Automatic;
						TestTargetID = DA2512771F349AF300633093;
					};
				};
			};
			buildConfigurationList = DA2512731F349AF300633093 /* Build configuration list for PBXProject "ZDOpenSourceOCDemo" */;
			compatibilityVersion = "Xcode 3.2";
			developmentRegion = English;
			hasScannedForEncodings = 0;
			knownRegions = (
				en,
				Base,
			);
			mainGroup = DA25126F1F349AF300633093;
			productRefGroup = DA2512791F349AF300633093 /* Products */;
			projectDirPath = "";
			projectRoot = "";
			targets = (
				DA2512771F349AF300633093 /* ZDOpenSourceOCDemo */,
				DA2512901F349AF300633093 /* ZDOpenSourceOCDemoTests */,
				DA25129B1F349AF300633093 /* ZDOpenSourceOCDemoUITests */,
			);
		};
/* End PBXProject section */

/* Begin PBXResourcesBuildPhase section */
		DA2512761F349AF300633093 /* Resources */ = {
			isa = PBXResourcesBuildPhase;
			buildActionMask = 2147483647;
			files = (
				DAE26CBE1F3986590072973F /* progress_success.json in Resources */,
				DAE26CC01F3986590072973F /* vcTransition2.json in Resources */,
				DA25128B1F349AF300633093 /* LaunchScreen.storyboard in Resources */,
				DA0177251F48364F00F40F97 /* data.json in Resources */,
				DAE26CBD1F3986590072973F /* play_and_like_it.json in Resources */,
				DAE26CBF1F3986590072973F /* vcTransition1.json in Resources */,
				DA2512881F349AF300633093 /* Assets.xcassets in Resources */,
				DA2512861F349AF300633093 /* Main.storyboard in Resources */,
			);
			runOnlyForDeploymentPostprocessing = 0;
		};
		DA25128F1F349AF300633093 /* Resources */ = {
			isa = PBXResourcesBuildPhase;
			buildActionMask = 2147483647;
			files = (
			);
			runOnlyForDeploymentPostprocessing = 0;
		};
		DA25129A1F349AF300633093 /* Resources */ = {
			isa = PBXResourcesBuildPhase;
			buildActionMask = 2147483647;
			files = (
			);
			runOnlyForDeploymentPostprocessing = 0;
		};
/* End PBXResourcesBuildPhase section */

/* Begin PBXShellScriptBuildPhase section */
		43C56AC107F6E5555355A1ED /* [CP] Embed Pods Frameworks */ = {
			isa = PBXShellScriptBuildPhase;
			buildActionMask = 2147483647;
			files = (
			);
			inputPaths = (
				"${SRCROOT}/Pods/Target Support Files/Pods-ZDOpenSourceOCDemo/Pods-ZDOpenSourceOCDemo-frameworks.sh",
				"${BUILT_PRODUCTS_DIR}/AFNetworking/AFNetworking.framework",
				"${BUILT_PRODUCTS_DIR}/Buglife/Buglife.framework",
				"${BUILT_PRODUCTS_DIR}/ChameleonFramework/ChameleonFramework.framework",
				"${BUILT_PRODUCTS_DIR}/DirectoryWatchdog/DirectoryWatchdog.framework",
				"${BUILT_PRODUCTS_DIR}/FLEX/FLEX.framework",
				"${BUILT_PRODUCTS_DIR}/GDPerformanceView/GDPerformanceView.framework",
				"${BUILT_PRODUCTS_DIR}/IGListKit/IGListKit.framework",
				"${BUILT_PRODUCTS_DIR}/JLRoutes/JLRoutes.framework",
				"${BUILT_PRODUCTS_DIR}/LinqToObjectiveC/LinqToObjectiveC.framework",
				"${BUILT_PRODUCTS_DIR}/MBProgressHUD/MBProgressHUD.framework",
				"${BUILT_PRODUCTS_DIR}/Masonry/Masonry.framework",
				"${BUILT_PRODUCTS_DIR}/Objection/Objection.framework",
				"${BUILT_PRODUCTS_DIR}/ObjectiveSugar/ObjectiveSugar.framework",
				"${BUILT_PRODUCTS_DIR}/PINCache/PINCache.framework",
				"${BUILT_PRODUCTS_DIR}/PINOperation/PINOperation.framework",
				"${BUILT_PRODUCTS_DIR}/PINRemoteImage/PINRemoteImage.framework",
				"${BUILT_PRODUCTS_DIR}/PromiseKit/PromiseKit.framework",
				"${BUILT_PRODUCTS_DIR}/PromisesObjC/FBLPromises.framework",
				"${BUILT_PRODUCTS_DIR}/RDVTabBarController/RDVTabBarController.framework",
				"${BUILT_PRODUCTS_DIR}/RSSwizzle/RSSwizzle.framework",
				"${BUILT_PRODUCTS_DIR}/RTRootNavigationController/RTRootNavigationController.framework",
				"${BUILT_PRODUCTS_DIR}/ReactiveObjC/ReactiveObjC.framework",
				"${BUILT_PRODUCTS_DIR}/ResponseDetective/ResponseDetective.framework",
				"${BUILT_PRODUCTS_DIR}/SVProgressHUD/SVProgressHUD.framework",
				"${BUILT_PRODUCTS_DIR}/Texture/AsyncDisplayKit.framework",
				"${BUILT_PRODUCTS_DIR}/Toast/Toast.framework",
				"${BUILT_PRODUCTS_DIR}/Typhoon/Typhoon.framework",
				"${BUILT_PRODUCTS_DIR}/UITableView+FDTemplateLayoutCell/UITableView_FDTemplateLayoutCell.framework",
				"${BUILT_PRODUCTS_DIR}/YTKNetwork/YTKNetwork.framework",
				"${BUILT_PRODUCTS_DIR}/YYCache/YYCache.framework",
				"${BUILT_PRODUCTS_DIR}/YYDispatchQueuePool/YYDispatchQueuePool.framework",
				"${BUILT_PRODUCTS_DIR}/YYModel/YYModel.framework",
				"${BUILT_PRODUCTS_DIR}/Yoga/yoga.framework",
				"${BUILT_PRODUCTS_DIR}/YogaKit/YogaKit.framework",
				"${BUILT_PRODUCTS_DIR}/ZDNetWorkHelper/ZDNetWorkHelper.framework",
				"${BUILT_PRODUCTS_DIR}/ZIKRouter/ZIKRouter.framework",
				"${BUILT_PRODUCTS_DIR}/fishhook/fishhook.framework",
				"${BUILT_PRODUCTS_DIR}/libextobjc/libextobjc.framework",
				"${BUILT_PRODUCTS_DIR}/lottie-ios/Lottie.framework",
			);
			name = "[CP] Embed Pods Frameworks";
			outputPaths = (
				"${TARGET_BUILD_DIR}/${FRAMEWORKS_FOLDER_PATH}/AFNetworking.framework",
				"${TARGET_BUILD_DIR}/${FRAMEWORKS_FOLDER_PATH}/Buglife.framework",
				"${TARGET_BUILD_DIR}/${FRAMEWORKS_FOLDER_PATH}/ChameleonFramework.framework",
				"${TARGET_BUILD_DIR}/${FRAMEWORKS_FOLDER_PATH}/DirectoryWatchdog.framework",
				"${TARGET_BUILD_DIR}/${FRAMEWORKS_FOLDER_PATH}/FLEX.framework",
				"${TARGET_BUILD_DIR}/${FRAMEWORKS_FOLDER_PATH}/GDPerformanceView.framework",
				"${TARGET_BUILD_DIR}/${FRAMEWORKS_FOLDER_PATH}/IGListKit.framework",
				"${TARGET_BUILD_DIR}/${FRAMEWORKS_FOLDER_PATH}/JLRoutes.framework",
				"${TARGET_BUILD_DIR}/${FRAMEWORKS_FOLDER_PATH}/LinqToObjectiveC.framework",
				"${TARGET_BUILD_DIR}/${FRAMEWORKS_FOLDER_PATH}/MBProgressHUD.framework",
				"${TARGET_BUILD_DIR}/${FRAMEWORKS_FOLDER_PATH}/Masonry.framework",
				"${TARGET_BUILD_DIR}/${FRAMEWORKS_FOLDER_PATH}/Objection.framework",
				"${TARGET_BUILD_DIR}/${FRAMEWORKS_FOLDER_PATH}/ObjectiveSugar.framework",
				"${TARGET_BUILD_DIR}/${FRAMEWORKS_FOLDER_PATH}/PINCache.framework",
				"${TARGET_BUILD_DIR}/${FRAMEWORKS_FOLDER_PATH}/PINOperation.framework",
				"${TARGET_BUILD_DIR}/${FRAMEWORKS_FOLDER_PATH}/PINRemoteImage.framework",
				"${TARGET_BUILD_DIR}/${FRAMEWORKS_FOLDER_PATH}/PromiseKit.framework",
				"${TARGET_BUILD_DIR}/${FRAMEWORKS_FOLDER_PATH}/FBLPromises.framework",
				"${TARGET_BUILD_DIR}/${FRAMEWORKS_FOLDER_PATH}/RDVTabBarController.framework",
				"${TARGET_BUILD_DIR}/${FRAMEWORKS_FOLDER_PATH}/RSSwizzle.framework",
				"${TARGET_BUILD_DIR}/${FRAMEWORKS_FOLDER_PATH}/RTRootNavigationController.framework",
				"${TARGET_BUILD_DIR}/${FRAMEWORKS_FOLDER_PATH}/ReactiveObjC.framework",
				"${TARGET_BUILD_DIR}/${FRAMEWORKS_FOLDER_PATH}/ResponseDetective.framework",
				"${TARGET_BUILD_DIR}/${FRAMEWORKS_FOLDER_PATH}/SVProgressHUD.framework",
				"${TARGET_BUILD_DIR}/${FRAMEWORKS_FOLDER_PATH}/AsyncDisplayKit.framework",
				"${TARGET_BUILD_DIR}/${FRAMEWORKS_FOLDER_PATH}/Toast.framework",
				"${TARGET_BUILD_DIR}/${FRAMEWORKS_FOLDER_PATH}/Typhoon.framework",
				"${TARGET_BUILD_DIR}/${FRAMEWORKS_FOLDER_PATH}/UITableView_FDTemplateLayoutCell.framework",
				"${TARGET_BUILD_DIR}/${FRAMEWORKS_FOLDER_PATH}/YTKNetwork.framework",
				"${TARGET_BUILD_DIR}/${FRAMEWORKS_FOLDER_PATH}/YYCache.framework",
				"${TARGET_BUILD_DIR}/${FRAMEWORKS_FOLDER_PATH}/YYDispatchQueuePool.framework",
				"${TARGET_BUILD_DIR}/${FRAMEWORKS_FOLDER_PATH}/YYModel.framework",
				"${TARGET_BUILD_DIR}/${FRAMEWORKS_FOLDER_PATH}/yoga.framework",
				"${TARGET_BUILD_DIR}/${FRAMEWORKS_FOLDER_PATH}/YogaKit.framework",
				"${TARGET_BUILD_DIR}/${FRAMEWORKS_FOLDER_PATH}/ZDNetWorkHelper.framework",
				"${TARGET_BUILD_DIR}/${FRAMEWORKS_FOLDER_PATH}/ZIKRouter.framework",
				"${TARGET_BUILD_DIR}/${FRAMEWORKS_FOLDER_PATH}/fishhook.framework",
				"${TARGET_BUILD_DIR}/${FRAMEWORKS_FOLDER_PATH}/libextobjc.framework",
				"${TARGET_BUILD_DIR}/${FRAMEWORKS_FOLDER_PATH}/Lottie.framework",
			);
			runOnlyForDeploymentPostprocessing = 0;
			shellPath = /bin/sh;
			shellScript = "\"${SRCROOT}/Pods/Target Support Files/Pods-ZDOpenSourceOCDemo/Pods-ZDOpenSourceOCDemo-frameworks.sh\"\n";
			showEnvVarsInLog = 0;
		};
		44A7840E5C7EC65F48354A16 /* [CP] Check Pods Manifest.lock */ = {
			isa = PBXShellScriptBuildPhase;
			buildActionMask = 2147483647;
			files = (
			);
			inputPaths = (
				"${PODS_PODFILE_DIR_PATH}/Podfile.lock",
				"${PODS_ROOT}/Manifest.lock",
			);
			name = "[CP] Check Pods Manifest.lock";
			outputPaths = (
				"$(DERIVED_FILE_DIR)/Pods-ZDOpenSourceOCDemo-checkManifestLockResult.txt",
			);
			runOnlyForDeploymentPostprocessing = 0;
			shellPath = /bin/sh;
			shellScript = "diff \"${PODS_PODFILE_DIR_PATH}/Podfile.lock\" \"${PODS_ROOT}/Manifest.lock\" > /dev/null\nif [ $? != 0 ] ; then\n    # print error to STDERR\n    echo \"error: The sandbox is not in sync with the Podfile.lock. Run 'pod install' or update your CocoaPods installation.\" >&2\n    exit 1\nfi\n# This output is used by Xcode 'outputs' to avoid re-running this script phase.\necho \"SUCCESS\" > \"${SCRIPT_OUTPUT_FILE_0}\"\n";
			showEnvVarsInLog = 0;
		};
		A5CAEBEF8523207B60A03A44 /* [CP] Check Pods Manifest.lock */ = {
			isa = PBXShellScriptBuildPhase;
			buildActionMask = 2147483647;
			files = (
			);
			inputPaths = (
				"${PODS_PODFILE_DIR_PATH}/Podfile.lock",
				"${PODS_ROOT}/Manifest.lock",
			);
			name = "[CP] Check Pods Manifest.lock";
			outputPaths = (
				"$(DERIVED_FILE_DIR)/Pods-ZDOpenSourceOCDemoUITests-checkManifestLockResult.txt",
			);
			runOnlyForDeploymentPostprocessing = 0;
			shellPath = /bin/sh;
			shellScript = "diff \"${PODS_PODFILE_DIR_PATH}/Podfile.lock\" \"${PODS_ROOT}/Manifest.lock\" > /dev/null\nif [ $? != 0 ] ; then\n    # print error to STDERR\n    echo \"error: The sandbox is not in sync with the Podfile.lock. Run 'pod install' or update your CocoaPods installation.\" >&2\n    exit 1\nfi\n# This output is used by Xcode 'outputs' to avoid re-running this script phase.\necho \"SUCCESS\" > \"${SCRIPT_OUTPUT_FILE_0}\"\n";
			showEnvVarsInLog = 0;
		};
		E8D80B236EADCC55FF3662A1 /* [CP] Check Pods Manifest.lock */ = {
			isa = PBXShellScriptBuildPhase;
			buildActionMask = 2147483647;
			files = (
			);
			inputPaths = (
				"${PODS_PODFILE_DIR_PATH}/Podfile.lock",
				"${PODS_ROOT}/Manifest.lock",
			);
			name = "[CP] Check Pods Manifest.lock";
			outputPaths = (
				"$(DERIVED_FILE_DIR)/Pods-ZDOpenSourceOCDemoTests-checkManifestLockResult.txt",
			);
			runOnlyForDeploymentPostprocessing = 0;
			shellPath = /bin/sh;
			shellScript = "diff \"${PODS_PODFILE_DIR_PATH}/Podfile.lock\" \"${PODS_ROOT}/Manifest.lock\" > /dev/null\nif [ $? != 0 ] ; then\n    # print error to STDERR\n    echo \"error: The sandbox is not in sync with the Podfile.lock. Run 'pod install' or update your CocoaPods installation.\" >&2\n    exit 1\nfi\n# This output is used by Xcode 'outputs' to avoid re-running this script phase.\necho \"SUCCESS\" > \"${SCRIPT_OUTPUT_FILE_0}\"\n";
			showEnvVarsInLog = 0;
		};
/* End PBXShellScriptBuildPhase section */

/* Begin PBXSourcesBuildPhase section */
		DA2512741F349AF300633093 /* Sources */ = {
			isa = PBXSourcesBuildPhase;
			buildActionMask = 2147483647;
			files = (
				FA4390741FDA350D00342B06 /* Xtrace.mm in Sources */,
				DA4005B31F36C52500260064 /* YYFPSLabel.m in Sources */,
				DAA098451F42C86400303DD4 /* TextureViewController.m in Sources */,
				FA682E5C1F9E1A17008C3D50 /* TextureViewModel.m in Sources */,
				DA2512801F349AF300633093 /* AppDelegate.m in Sources */,
				DAF1937B1FDADA08003F6FDA /* YogaKitListViewController.m in Sources */,
				DAF193781FDAD869003F6FDA /* YogaCell.m in Sources */,
				DA4005B41F36C52500260064 /* YYWeakProxy.m in Sources */,
				FA4390781FDA366A00342B06 /* ZDTraceHandler.m in Sources */,
				FA6244E8200F60E5007A9EDC /* ZDBaseViewController.m in Sources */,
				DAE26CC31F3989850072973F /* LottieViewController.m in Sources */,
				FA9649741FDF7C54007BDD88 /* ZDTemplateCellHandler.m in Sources */,
				DAA0984A1F442D5800303DD4 /* ZDPlayground.m in Sources */,
				FA9649711FDF7A1E007BDD88 /* YogaKitListViewModel.m in Sources */,
				DA2512B31F349B5700633093 /* ViewController.m in Sources */,
				FA682E511F9E04D0008C3D50 /* TextureCell.m in Sources */,
				FABBF13F1FCFC99A000B7D16 /* UIWindow+ZDMotionShake.m in Sources */,
				DA25127D1F349AF300633093 /* main.m in Sources */,
				DAE26CC61F398E170072973F /* YogaKitViewController.m in Sources */,
				FA682E581F9E18F9008C3D50 /* TextureModel.m in Sources */,
			);
			runOnlyForDeploymentPostprocessing = 0;
		};
		DA25128D1F349AF300633093 /* Sources */ = {
			isa = PBXSourcesBuildPhase;
			buildActionMask = 2147483647;
			files = (
				DA2512961F349AF300633093 /* ZDOpenSourceOCDemoTests.m in Sources */,
			);
			runOnlyForDeploymentPostprocessing = 0;
		};
		DA2512981F349AF300633093 /* Sources */ = {
			isa = PBXSourcesBuildPhase;
			buildActionMask = 2147483647;
			files = (
				DA2512A11F349AF300633093 /* ZDOpenSourceOCDemoUITests.m in Sources */,
			);
			runOnlyForDeploymentPostprocessing = 0;
		};
/* End PBXSourcesBuildPhase section */

/* Begin PBXTargetDependency section */
		DA2512931F349AF300633093 /* PBXTargetDependency */ = {
			isa = PBXTargetDependency;
			target = DA2512771F349AF300633093 /* ZDOpenSourceOCDemo */;
			targetProxy = DA2512921F349AF300633093 /* PBXContainerItemProxy */;
		};
		DA25129E1F349AF300633093 /* PBXTargetDependency */ = {
			isa = PBXTargetDependency;
			target = DA2512771F349AF300633093 /* ZDOpenSourceOCDemo */;
			targetProxy = DA25129D1F349AF300633093 /* PBXContainerItemProxy */;
		};
/* End PBXTargetDependency section */

/* Begin PBXVariantGroup section */
		DA2512841F349AF300633093 /* Main.storyboard */ = {
			isa = PBXVariantGroup;
			children = (
				DA2512851F349AF300633093 /* Base */,
			);
			name = Main.storyboard;
			sourceTree = "<group>";
		};
		DA2512891F349AF300633093 /* LaunchScreen.storyboard */ = {
			isa = PBXVariantGroup;
			children = (
				DA25128A1F349AF300633093 /* Base */,
			);
			name = LaunchScreen.storyboard;
			sourceTree = "<group>";
		};
/* End PBXVariantGroup section */

/* Begin XCBuildConfiguration section */
		DA2512A31F349AF300633093 /* Debug */ = {
			isa = XCBuildConfiguration;
			buildSettings = {
				ALWAYS_SEARCH_USER_PATHS = NO;
				CLANG_ANALYZER_NONNULL = YES;
				CLANG_ANALYZER_NUMBER_OBJECT_CONVERSION = YES_AGGRESSIVE;
				CLANG_CXX_LANGUAGE_STANDARD = "gnu++0x";
				CLANG_CXX_LIBRARY = "libc++";
				CLANG_ENABLE_MODULES = YES;
				CLANG_ENABLE_OBJC_ARC = YES;
				CLANG_WARN_BLOCK_CAPTURE_AUTORELEASING = YES;
				CLANG_WARN_BOOL_CONVERSION = YES;
				CLANG_WARN_COMMA = YES;
				CLANG_WARN_CONSTANT_CONVERSION = YES;
				CLANG_WARN_DIRECT_OBJC_ISA_USAGE = YES_ERROR;
				CLANG_WARN_DOCUMENTATION_COMMENTS = YES;
				CLANG_WARN_EMPTY_BODY = YES;
				CLANG_WARN_ENUM_CONVERSION = YES;
				CLANG_WARN_INFINITE_RECURSION = YES;
				CLANG_WARN_INT_CONVERSION = YES;
				CLANG_WARN_NON_LITERAL_NULL_CONVERSION = YES;
				CLANG_WARN_OBJC_LITERAL_CONVERSION = YES;
				CLANG_WARN_OBJC_ROOT_CLASS = YES_ERROR;
				CLANG_WARN_RANGE_LOOP_ANALYSIS = YES;
				CLANG_WARN_STRICT_PROTOTYPES = YES;
				CLANG_WARN_SUSPICIOUS_MOVE = YES;
				CLANG_WARN_UNREACHABLE_CODE = YES;
				CLANG_WARN__DUPLICATE_METHOD_MATCH = YES;
				"CODE_SIGN_IDENTITY[sdk=iphoneos*]" = "iPhone Developer";
				COPY_PHASE_STRIP = NO;
				DEBUG_INFORMATION_FORMAT = dwarf;
				ENABLE_STRICT_OBJC_MSGSEND = YES;
				ENABLE_TESTABILITY = YES;
				GCC_C_LANGUAGE_STANDARD = gnu99;
				GCC_DYNAMIC_NO_PIC = NO;
				GCC_NO_COMMON_BLOCKS = YES;
				GCC_OPTIMIZATION_LEVEL = 0;
				GCC_PREPROCESSOR_DEFINITIONS = (
					"DEBUG=1",
					"$(inherited)",
				);
				GCC_WARN_64_TO_32_BIT_CONVERSION = YES;
				GCC_WARN_ABOUT_RETURN_TYPE = YES_ERROR;
				GCC_WARN_UNDECLARED_SELECTOR = YES;
				GCC_WARN_UNINITIALIZED_AUTOS = YES_AGGRESSIVE;
				GCC_WARN_UNUSED_FUNCTION = YES;
				GCC_WARN_UNUSED_VARIABLE = YES;
				IPHONEOS_DEPLOYMENT_TARGET = 9.0;
				MTL_ENABLE_DEBUG_INFO = YES;
				ONLY_ACTIVE_ARCH = YES;
				SDKROOT = iphoneos;
				TARGETED_DEVICE_FAMILY = "1,2";
			};
			name = Debug;
		};
		DA2512A41F349AF300633093 /* Release */ = {
			isa = XCBuildConfiguration;
			buildSettings = {
				ALWAYS_SEARCH_USER_PATHS = NO;
				CLANG_ANALYZER_NONNULL = YES;
				CLANG_ANALYZER_NUMBER_OBJECT_CONVERSION = YES_AGGRESSIVE;
				CLANG_CXX_LANGUAGE_STANDARD = "gnu++0x";
				CLANG_CXX_LIBRARY = "libc++";
				CLANG_ENABLE_MODULES = YES;
				CLANG_ENABLE_OBJC_ARC = YES;
				CLANG_WARN_BLOCK_CAPTURE_AUTORELEASING = YES;
				CLANG_WARN_BOOL_CONVERSION = YES;
				CLANG_WARN_COMMA = YES;
				CLANG_WARN_CONSTANT_CONVERSION = YES;
				CLANG_WARN_DIRECT_OBJC_ISA_USAGE = YES_ERROR;
				CLANG_WARN_DOCUMENTATION_COMMENTS = YES;
				CLANG_WARN_EMPTY_BODY = YES;
				CLANG_WARN_ENUM_CONVERSION = YES;
				CLANG_WARN_INFINITE_RECURSION = YES;
				CLANG_WARN_INT_CONVERSION = YES;
				CLANG_WARN_NON_LITERAL_NULL_CONVERSION = YES;
				CLANG_WARN_OBJC_LITERAL_CONVERSION = YES;
				CLANG_WARN_OBJC_ROOT_CLASS = YES_ERROR;
				CLANG_WARN_RANGE_LOOP_ANALYSIS = YES;
				CLANG_WARN_STRICT_PROTOTYPES = YES;
				CLANG_WARN_SUSPICIOUS_MOVE = YES;
				CLANG_WARN_UNREACHABLE_CODE = YES;
				CLANG_WARN__DUPLICATE_METHOD_MATCH = YES;
				"CODE_SIGN_IDENTITY[sdk=iphoneos*]" = "iPhone Developer";
				COPY_PHASE_STRIP = NO;
				DEBUG_INFORMATION_FORMAT = "dwarf-with-dsym";
				ENABLE_NS_ASSERTIONS = NO;
				ENABLE_STRICT_OBJC_MSGSEND = YES;
				GCC_C_LANGUAGE_STANDARD = gnu99;
				GCC_NO_COMMON_BLOCKS = YES;
				GCC_WARN_64_TO_32_BIT_CONVERSION = YES;
				GCC_WARN_ABOUT_RETURN_TYPE = YES_ERROR;
				GCC_WARN_UNDECLARED_SELECTOR = YES;
				GCC_WARN_UNINITIALIZED_AUTOS = YES_AGGRESSIVE;
				GCC_WARN_UNUSED_FUNCTION = YES;
				GCC_WARN_UNUSED_VARIABLE = YES;
				IPHONEOS_DEPLOYMENT_TARGET = 9.0;
				MTL_ENABLE_DEBUG_INFO = NO;
				SDKROOT = iphoneos;
				TARGETED_DEVICE_FAMILY = "1,2";
				VALIDATE_PRODUCT = YES;
			};
			name = Release;
		};
		DA2512A61F349AF300633093 /* Debug */ = {
			isa = XCBuildConfiguration;
			baseConfigurationReference = DED6398BF0F3395E7AE1408D /* Pods-ZDOpenSourceOCDemo.debug.xcconfig */;
			buildSettings = {
				ALWAYS_EMBED_SWIFT_STANDARD_LIBRARIES = YES;
				ASSETCATALOG_COMPILER_APPICON_NAME = AppIcon;
				DEVELOPMENT_TEAM = 36NX5886GJ;
				INFOPLIST_FILE = ZDOpenSourceOCDemo/Info.plist;
				IPHONEOS_DEPLOYMENT_TARGET = 9.0;
				LD_RUNPATH_SEARCH_PATHS = "$(inherited) @executable_path/Frameworks";
				PRODUCT_BUNDLE_IDENTIFIER = zero.ZDOpenSourceOCDemo;
				PRODUCT_NAME = "$(TARGET_NAME)";
			};
			name = Debug;
		};
		DA2512A71F349AF300633093 /* Release */ = {
			isa = XCBuildConfiguration;
			baseConfigurationReference = 8130AE0D880F2830B6FF140A /* Pods-ZDOpenSourceOCDemo.release.xcconfig */;
			buildSettings = {
				ALWAYS_EMBED_SWIFT_STANDARD_LIBRARIES = YES;
				ASSETCATALOG_COMPILER_APPICON_NAME = AppIcon;
				DEVELOPMENT_TEAM = 36NX5886GJ;
				INFOPLIST_FILE = ZDOpenSourceOCDemo/Info.plist;
				IPHONEOS_DEPLOYMENT_TARGET = 9.0;
				LD_RUNPATH_SEARCH_PATHS = "$(inherited) @executable_path/Frameworks";
				PRODUCT_BUNDLE_IDENTIFIER = zero.ZDOpenSourceOCDemo;
				PRODUCT_NAME = "$(TARGET_NAME)";
			};
			name = Release;
		};
		DA2512A91F349AF300633093 /* Debug */ = {
			isa = XCBuildConfiguration;
			baseConfigurationReference = 0C6E7D9FEF1A71CAE2AB0A46 /* Pods-ZDOpenSourceOCDemoTests.debug.xcconfig */;
			buildSettings = {
				BUNDLE_LOADER = "$(TEST_HOST)";
				INFOPLIST_FILE = ZDOpenSourceOCDemoTests/Info.plist;
				LD_RUNPATH_SEARCH_PATHS = "$(inherited) @executable_path/Frameworks @loader_path/Frameworks";
				PRODUCT_BUNDLE_IDENTIFIER = zero.ZDOpenSourceOCDemoTests;
				PRODUCT_NAME = "$(TARGET_NAME)";
				TEST_HOST = "$(BUILT_PRODUCTS_DIR)/ZDOpenSourceOCDemo.app/ZDOpenSourceOCDemo";
			};
			name = Debug;
		};
		DA2512AA1F349AF300633093 /* Release */ = {
			isa = XCBuildConfiguration;
			baseConfigurationReference = 612FB2CB1D5AF0AB38078122 /* Pods-ZDOpenSourceOCDemoTests.release.xcconfig */;
			buildSettings = {
				BUNDLE_LOADER = "$(TEST_HOST)";
				INFOPLIST_FILE = ZDOpenSourceOCDemoTests/Info.plist;
				LD_RUNPATH_SEARCH_PATHS = "$(inherited) @executable_path/Frameworks @loader_path/Frameworks";
				PRODUCT_BUNDLE_IDENTIFIER = zero.ZDOpenSourceOCDemoTests;
				PRODUCT_NAME = "$(TARGET_NAME)";
				TEST_HOST = "$(BUILT_PRODUCTS_DIR)/ZDOpenSourceOCDemo.app/ZDOpenSourceOCDemo";
			};
			name = Release;
		};
		DA2512AC1F349AF300633093 /* Debug */ = {
			isa = XCBuildConfiguration;
			baseConfigurationReference = 74E98E3413D19D482A72E224 /* Pods-ZDOpenSourceOCDemoUITests.debug.xcconfig */;
			buildSettings = {
				INFOPLIST_FILE = ZDOpenSourceOCDemoUITests/Info.plist;
				LD_RUNPATH_SEARCH_PATHS = "$(inherited) @executable_path/Frameworks @loader_path/Frameworks";
				PRODUCT_BUNDLE_IDENTIFIER = zero.ZDOpenSourceOCDemoUITests;
				PRODUCT_NAME = "$(TARGET_NAME)";
				TEST_TARGET_NAME = ZDOpenSourceOCDemo;
			};
			name = Debug;
		};
		DA2512AD1F349AF300633093 /* Release */ = {
			isa = XCBuildConfiguration;
			baseConfigurationReference = FA52023809EA456FA45299D9 /* Pods-ZDOpenSourceOCDemoUITests.release.xcconfig */;
			buildSettings = {
				INFOPLIST_FILE = ZDOpenSourceOCDemoUITests/Info.plist;
				LD_RUNPATH_SEARCH_PATHS = "$(inherited) @executable_path/Frameworks @loader_path/Frameworks";
				PRODUCT_BUNDLE_IDENTIFIER = zero.ZDOpenSourceOCDemoUITests;
				PRODUCT_NAME = "$(TARGET_NAME)";
				TEST_TARGET_NAME = ZDOpenSourceOCDemo;
			};
			name = Release;
		};
/* End XCBuildConfiguration section */

/* Begin XCConfigurationList section */
		DA2512731F349AF300633093 /* Build configuration list for PBXProject "ZDOpenSourceOCDemo" */ = {
			isa = XCConfigurationList;
			buildConfigurations = (
				DA2512A31F349AF300633093 /* Debug */,
				DA2512A41F349AF300633093 /* Release */,
			);
			defaultConfigurationIsVisible = 0;
			defaultConfigurationName = Release;
		};
		DA2512A51F349AF300633093 /* Build configuration list for PBXNativeTarget "ZDOpenSourceOCDemo" */ = {
			isa = XCConfigurationList;
			buildConfigurations = (
				DA2512A61F349AF300633093 /* Debug */,
				DA2512A71F349AF300633093 /* Release */,
			);
			defaultConfigurationIsVisible = 0;
			defaultConfigurationName = Release;
		};
		DA2512A81F349AF300633093 /* Build configuration list for PBXNativeTarget "ZDOpenSourceOCDemoTests" */ = {
			isa = XCConfigurationList;
			buildConfigurations = (
				DA2512A91F349AF300633093 /* Debug */,
				DA2512AA1F349AF300633093 /* Release */,
			);
			defaultConfigurationIsVisible = 0;
			defaultConfigurationName = Release;
		};
		DA2512AB1F349AF300633093 /* Build configuration list for PBXNativeTarget "ZDOpenSourceOCDemoUITests" */ = {
			isa = XCConfigurationList;
			buildConfigurations = (
				DA2512AC1F349AF300633093 /* Debug */,
				DA2512AD1F349AF300633093 /* Release */,
			);
			defaultConfigurationIsVisible = 0;
			defaultConfigurationName = Release;
		};
/* End XCConfigurationList section */
	};
	rootObject = DA2512701F349AF300633093 /* Project object */;
}
