PODS:
  - Alamofire (4.7.2)
  - AlamofireObjectMapper (5.0.0):
    - Alamofire (~> 4.1)
    - ObjectMapper (~> 3.0)
  - Buglife (2.8.0)
  - Cartography (3.0.2)
  - ChameleonFramework/Default (2.1.0)
  - ChameleonFramework/Swift (2.1.0):
    - ChameleonFramework/Default
  - DeepDiff (1.2.0)
  - FLEX (2.4.0)
  - GDPerformanceView-Swift (1.3.2)
  - Gemini (1.3.0)
  - Hero (1.2.0)
  - IGListKit (3.4.0):
    - IGListKit/Default (= 3.4.0)
  - IGListKit/Default (3.4.0):
    - IGListKit/Diffing
  - IGListKit/Diffing (3.4.0)
  - Kingfisher (4.8.0)
  - LayoutKit (8.0.0)
  - LifetimeTracker (1.4.0)
  - lottie-ios (2.5.0)
  - MBProgressHUD (1.1.0)
  - Neon (0.4.0)
  - ObjectMapper (3.2.0)
  - Peek (5.1.0)
  - PINCache (3.0.1-beta.6):
    - PINCache/Arc-exception-safe (= 3.0.1-beta.6)
    - PINCache/Core (= 3.0.1-beta.6)
  - PINCache/Arc-exception-safe (3.0.1-beta.6):
    - PINCache/Core
  - PINCache/Core (3.0.1-beta.6):
    - PINOperation (~> 1.1.0)
  - PINOperation (1.1.1)
  - PINRemoteImage/Core (3.0.0-beta.13):
    - PINOperation
  - PINRemoteImage/iOS (3.0.0-beta.13):
    - PINRemoteImage/Core
  - PINRemoteImage/PINCache (3.0.0-beta.13):
    - PINCache (= 3.0.1-beta.6)
    - PINRemoteImage/Core
  - PromiseKit (6.3.0):
    - PromiseKit/CorePromise (= 6.3.0)
    - PromiseKit/Foundation (= 6.3.0)
    - PromiseKit/UIKit (= 6.3.0)
  - PromiseKit/CorePromise (6.3.0)
  - PromiseKit/Foundation (6.3.0):
    - PromiseKit/CorePromise
  - PromiseKit/UIKit (6.3.0):
    - PromiseKit/CorePromise
  - ResponseDetective (1.2.4)
  - RSSwizzle (0.1.0)
  - RxCocoa (4.2.0):
    - RxSwift (~> 4.0)
  - RxSwift (4.2.0)
  - SnapKit (4.0.0)
  - Texture (2.7):
    - Texture/PINRemoteImage (= 2.7)
  - Texture/Core (2.7)
  - Texture/PINRemoteImage (2.7):
    - PINRemoteImage/iOS (= 3.0.0-beta.13)
    - PINRemoteImage/PINCache
    - Texture/Core
  - TinyConstraints (3.1.1)
  - Toast-Swift (3.0.1)
  - Yoga (1.6.0)
  - YogaKit (1.6.0):
    - Yoga (~> 1.6)

DEPENDENCIES:
  - Alamofire
  - AlamofireObjectMapper
  - Buglife
  - Cartography
  - ChameleonFramework/Swift
  - DeepDiff
  - FLEX
  - GDPerformanceView-Swift
  - Gemini
  - Hero
  - IGListKit
  - Kingfisher
  - LayoutKit
  - LifetimeTracker
  - lottie-ios
  - MBProgressHUD
  - Neon
  - ObjectMapper
  - Peek
  - PromiseKit
  - ResponseDetective
  - RSSwizzle
  - RxCocoa
  - RxSwift
  - SnapKit
  - Texture
  - TinyConstraints
  - Toast-Swift
  - Yoga (= 1.6)
  - YogaKit

SPEC REPOS:
  https://github.com/cocoapods/specs.git:
    - Alamofire
    - AlamofireObjectMapper
    - Buglife
    - Cartography
    - ChameleonFramework
    - DeepDiff
    - FLEX
    - GDPerformanceView-Swift
    - Gemini
    - Hero
    - IGListKit
    - Kingfisher
    - LayoutKit
    - LifetimeTracker
    - lottie-ios
    - MBProgressHUD
    - Neon
    - ObjectMapper
    - Peek
    - PINCache
    - PINOperation
    - PINRemoteImage
    - PromiseKit
    - ResponseDetective
    - RSSwizzle
    - RxCocoa
    - RxSwift
    - SnapKit
    - Texture
    - TinyConstraints
    - Toast-Swift
    - Yoga
    - YogaKit

SPEC CHECKSUMS:
  Alamofire: e4fa87002c137ba2d8d634d2c51fabcda0d5c223
  AlamofireObjectMapper: 5fafc816351cbbc0d486611aaeba7461c0cbad49
  Buglife: fed8594db4b440bc85d44629b90f2575713e8825
  Cartography: 231190d7d0b3107ce8d67c54189f059a509b3760
  ChameleonFramework: d21a3cc247abfe5e37609a283a8238b03575cf64
  DeepDiff: 0ee83ac6942d441f677c22e981548c6e0937f2b6
  FLEX: bd1a39e55b56bb413b6f1b34b3c10a0dc44ef079
  GDPerformanceView-Swift: a74cd679587b199e4526492b6e68ce61593c6123
  Gemini: 1a932868fa70579457162c3a93cd844ad5df3455
  Hero: 33dadf2cd1c98af71e213dcbc2902e6e03622a4e
  IGListKit: 7a5d788e9fb746bcd402baa8e8b24bc3bd2a5a07
  Kingfisher: 976d828df2b24834c6a3f2fc4d82cdbd26552be1
  LayoutKit: a0291efd9133598f6941d70dce9d5ada2eaeb8fb
  LifetimeTracker: 51b52d559ffd4570584996b4b94b8779e525ee62
  lottie-ios: d699fdee68d7b63e721d949388b015fef1aaa4ac
  MBProgressHUD: e7baa36a220447d8aeb12769bf0585582f3866d9
  Neon: 7fb5a9327e7e57911843f608e08f4893a74deaf9
  ObjectMapper: 5cccd2de6f253eda859df8116a5a554d9769e859
  Peek: 452c6789d786321f9865d67c61c930d3b9ef3bb6
  PINCache: d195fdba255283f7e9900a55e3cced377f431f9b
  PINOperation: a6219e6fc9db9c269eb7a7b871ac193bcf400aac
  PINRemoteImage: d6d51c5d2adda55f1ce30c96e850b6c4ebd2856a
  PromiseKit: cf84bbb1235a61473b326c5cf0b41f6828f87ba5
  ResponseDetective: 710b1b41903382460592a75a480440661bcadfa6
  RSSwizzle: d561958f595028bfcef98c7d55c318b3878a61c6
  RxCocoa: 0b54909c902e1e581212a03e690bbd94032d8baa
  RxSwift: 99e10317ddfcc7fbe01356aafd118fde4a0be104
  SnapKit: a42d492c16e80209130a3379f73596c3454b7694
  Texture: 9d7e38965cf22ccd7cd9c249dd78b3f14e70ab6c
  TinyConstraints: c15ce864e9ef87dfd18ee3bd746d510a38d84198
  Toast-Swift: ba0b01b095aada709d915f9beb1d38184a2721c3
  Yoga: 81670877477311136b1b3f69a6307ce62e1c89cf
  YogaKit: 8fe0ddd21673226c0b6077fc3ad5c8fa6cda722e

PODFILE CHECKSUM: 338a6191676ef6e46b4811eac8c2f806075016b8

COCOAPODS: 1.5.3
