PODS:
  - Alamofire (4.8.2)
  - Buglife (2.10.1)
  - Cartography (4.0.0)
  - ChameleonFramework/Default (2.1.0)
  - ChameleonFramework/Swift (2.1.0):
    - ChameleonFramework/Default
  - DeepDiff (2.2.0)
  - FLEX (3.0.0)
  - GDPerformanceView-Swift (2.0.2)
  - Gemini (1.4.0)
  - Hero (1.4.0)
  - IGListKit (3.4.0):
    - IGListKit/Default (= 3.4.0)
  - IGListKit/Default (3.4.0):
    - IGListKit/Diffing
  - IGListKit/Diffing (3.4.0)
  - Kingfisher (5.6.0)
  - LayoutInspector (1.0.0)
  - LayoutKit (10.1.0)
  - LifetimeTracker (1.6.1)
  - lottie-ios (3.1.1)
  - MBProgressHUD (1.1.0)
  - Neon (0.4.0)
  - ObjectMapper (3.5.1)
  - Peek (5.2.0)
  - PINCache (3.0.1-beta.6):
    - PINCache/Arc-exception-safe (= 3.0.1-beta.6)
    - PINCache/Core (= 3.0.1-beta.6)
  - PINCache/Arc-exception-safe (3.0.1-beta.6):
    - PINCache/Core
  - PINCache/Core (3.0.1-beta.6):
    - PINOperation (~> 1.1.0)
  - PINOperation (1.1.2)
  - PINRemoteImage/Core (3.0.0-beta.13):
    - PINOperation
  - PINRemoteImage/iOS (3.0.0-beta.13):
    - PINRemoteImage/Core
  - PINRemoteImage/PINCache (3.0.0-beta.13):
    - PINCache (= 3.0.1-beta.6)
    - PINRemoteImage/Core
  - PromiseKit (6.10.0):
    - PromiseKit/CorePromise (= 6.10.0)
    - PromiseKit/Foundation (= 6.10.0)
    - PromiseKit/UIKit (= 6.10.0)
  - PromiseKit/CorePromise (6.10.0)
  - PromiseKit/Foundation (6.10.0):
    - PromiseKit/CorePromise
  - PromiseKit/UIKit (6.10.0):
    - PromiseKit/CorePromise
  - PromisesObjC (1.2.8)
  - PromisesSwift (1.2.8):
    - PromisesObjC (= 1.2.8)
  - ResponseDetective (1.3.0)
  - RSSwizzle (0.1.0)
  - RxCocoa (5.0.0):
    - RxRelay (~> 5)
    - RxSwift (~> 5)
  - RxRelay (5.0.0):
    - RxSwift (~> 5)
  - RxSwift (5.0.0)
  - SnapKit (5.0.0)
  - Texture (2.8.1):
    - Texture/AssetsLibrary (= 2.8.1)
    - Texture/Core (= 2.8.1)
    - Texture/MapKit (= 2.8.1)
    - Texture/Photos (= 2.8.1)
    - Texture/PINRemoteImage (= 2.8.1)
    - Texture/Video (= 2.8.1)
  - Texture/AssetsLibrary (2.8.1):
    - Texture/Core
  - Texture/Core (2.8.1)
  - Texture/MapKit (2.8.1):
    - Texture/Core
  - Texture/Photos (2.8.1):
    - Texture/Core
  - Texture/PINRemoteImage (2.8.1):
    - PINRemoteImage/iOS (= 3.0.0-beta.13)
    - PINRemoteImage/PINCache
    - Texture/Core
  - Texture/Video (2.8.1):
    - Texture/Core
  - TinyConstraints (4.0.1)
  - Toast-Swift (5.0.0)
  - Watchdog (5.2)
  - Yoga (1.14.0)
  - YogaKit (1.14.0):
    - Yoga (~> 1.14)

DEPENDENCIES:
  - Alamofire
  - Buglife
  - Cartography
  - ChameleonFramework/Swift
  - DeepDiff
  - FLEX
  - GDPerformanceView-Swift
  - Gemini
  - Hero
  - IGListKit
  - Kingfisher
  - LayoutInspector
  - LayoutKit
  - LifetimeTracker
  - lottie-ios
  - MBProgressHUD
  - Neon
  - ObjectMapper
  - Peek
  - PromiseKit
  - PromisesSwift
  - ResponseDetective
  - RSSwizzle
  - RxCocoa
  - RxSwift
  - SnapKit
  - Texture
  - TinyConstraints
  - Toast-Swift
  - Watchdog
  - Yoga
  - YogaKit

SPEC REPOS:
  https://github.com/cocoapods/specs.git:
    - Alamofire
    - Buglife
    - Cartography
    - ChameleonFramework
    - DeepDiff
    - FLEX
    - GDPerformanceView-Swift
    - Gemini
    - Hero
    - IGListKit
    - Kingfisher
    - LayoutInspector
    - LayoutKit
    - LifetimeTracker
    - lottie-ios
    - MBProgressHUD
    - Neon
    - ObjectMapper
    - Peek
    - PINCache
    - PINOperation
    - PINRemoteImage
    - PromiseKit
    - PromisesObjC
    - PromisesSwift
    - ResponseDetective
    - RSSwizzle
    - RxCocoa
    - RxRelay
    - RxSwift
    - SnapKit
    - Texture
    - TinyConstraints
    - Toast-Swift
    - Watchdog
    - Yoga
    - YogaKit

SPEC CHECKSUMS:
  Alamofire: ae5c501addb7afdbb13687d7f2f722c78734c2d3
  Buglife: bc8e4931ebe37b2901c6dbcb0ca6dd76f62a98c3
  Cartography: c5626d29056b20f1e95c017326ee4df57cc39ad8
  ChameleonFramework: d21a3cc247abfe5e37609a283a8238b03575cf64
  DeepDiff: e329bc46dd14ca788d8ec08d34420799ba1d77f2
  FLEX: d66c759bce0f6ebbbf472c742380874d846f2883
  GDPerformanceView-Swift: a40b2f675589449f5b5082f3178f01bfdb7882ce
  Gemini: 4ad915cca8805577fe3021e02feeca2b77dcdbfc
  Hero: bac92350d7201a1a940003e0767c7b52ce7c99a1
  IGListKit: 7a5d788e9fb746bcd402baa8e8b24bc3bd2a5a07
  Kingfisher: 1a50df6880a60bae26f3e21a0df3d17b892f5e0b
  LayoutInspector: 1078a54f993510f61101203f48a8a3db69c7afe1
  LayoutKit: 66478bb3af5ce4519a056d9465bc4c7585d2350b
  LifetimeTracker: dcdb1cbd0dd4825c7634c02a6955799138fcaec9
  lottie-ios: 43a472d22b2dd2bed292cc4010c0b4d2e66d3ba8
  MBProgressHUD: e7baa36a220447d8aeb12769bf0585582f3866d9
  Neon: 7fb5a9327e7e57911843f608e08f4893a74deaf9
  ObjectMapper: 70187b8941977c62ccfb423caf6b50be405cabf0
  Peek: 77f6362167c00aab3f1147d92d51bdf80d259d45
  PINCache: d195fdba255283f7e9900a55e3cced377f431f9b
  PINOperation: 24b774353ca248fcf87d67b2d61eef42087c125a
  PINRemoteImage: d6d51c5d2adda55f1ce30c96e850b6c4ebd2856a
  PromiseKit: 1fdaeb6c0a94a5114fcb814ff3d772b86886ad4e
  PromisesObjC: c119f3cd559f50b7ae681fa59dc1acd19173b7e6
  PromisesSwift: 37bad6f4daddb02f7c9c531efe91e8b21c13ee2f
  ResponseDetective: 8422c5139cf6ff7d7db38b2bfea418b748b440cc
  RSSwizzle: d561958f595028bfcef98c7d55c318b3878a61c6
  RxCocoa: fcf32050ac00d801f34a7f71d5e8e7f23026dcd8
  RxRelay: 4f7409406a51a55cd88483f21ed898c234d60f18
  RxSwift: 8b0671caa829a763bbce7271095859121cbd895f
  SnapKit: fd22d10eb9aff484d79a8724eab922c1ddf89bcf
  Texture: 8ecf6984065a1e54f06bf97b349ecca28582acd7
  TinyConstraints: 8dd91295e56797648c7bc335dd20e1d91ec4c192
  Toast-Swift: 36f4720243c8582c2be243a60a51e193c761f541
  Watchdog: 622647e6bc5a55665e6dbae0b7831ad8d95abeab
  Yoga: cff67a400f6b74dc38eb0bad4f156673d9aa980c
  YogaKit: 5d1dc899cecd5946e5a758a0c3997704a4b48d01

PODFILE CHECKSUM: f090122e6adc57dacec2c5fa51be6ac248868328

COCOAPODS: 1.7.3
