// !$*UTF8*$!
{
	archiveVersion = 1;
	classes = {
	};
	objectVersion = 46;
	objects = {

/* Begin PBXBuildFile section */
		23C6D1EAE90C7D5117DD3CBB /* Pods_ZDOpenSourceSwiftDemoUITests.framework in Frameworks */ = {isa = PBXBuildFile; fileRef = C655A7CA46F1DF9BE3707E3A /* Pods_ZDOpenSourceSwiftDemoUITests.framework */; };
		BA7A2E05820B0B85FD6732F5 /* Pods_ZDOpenSourceSwiftDemo.framework in Frameworks */ = {isa = PBXBuildFile; fileRef = 4A75C7B9E6BED85D4DE55557 /* Pods_ZDOpenSourceSwiftDemo.framework */; };
		C9BD4EAA287F398F6EFED33C /* Pods_ZDOpenSourceSwiftDemoTests.framework in Frameworks */ = {isa = PBXBuildFile; fileRef = DD102BD0CEA7A542A0F3A12C /* Pods_ZDOpenSourceSwiftDemoTests.framework */; };
		DA0177231F4835C500F40F97 /* data.json in Resources */ = {isa = PBXBuildFile; fileRef = DA0177221F4835C500F40F97 /* data.json */; };
		DA1E4CDE231AD3140010505F /* UIApplication+Hook.swift in Sources */ = {isa = PBXBuildFile; fileRef = DA1E4CDD231AD3140010505F /* UIApplication+Hook.swift */; };
		DA2513001F349CAF00633093 /* AppDelegate.swift in Sources */ = {isa = PBXBuildFile; fileRef = DA2512FF1F349CAF00633093 /* AppDelegate.swift */; };
		DA2513051F349CAF00633093 /* Main.storyboard in Resources */ = {isa = PBXBuildFile; fileRef = DA2513031F349CAF00633093 /* Main.storyboard */; };
		DA2513071F349CAF00633093 /* Assets.xcassets in Resources */ = {isa = PBXBuildFile; fileRef = DA2513061F349CAF00633093 /* Assets.xcassets */; };
		DA25130A1F349CAF00633093 /* LaunchScreen.storyboard in Resources */ = {isa = PBXBuildFile; fileRef = DA2513081F349CAF00633093 /* LaunchScreen.storyboard */; };
		DA2513151F349CB000633093 /* ZDOpenSourceSwiftDemoTests.swift in Sources */ = {isa = PBXBuildFile; fileRef = DA2513141F349CB000633093 /* ZDOpenSourceSwiftDemoTests.swift */; };
		DA2513201F349CB000633093 /* ZDOpenSourceSwiftDemoUITests.swift in Sources */ = {isa = PBXBuildFile; fileRef = DA25131F1F349CB000633093 /* ZDOpenSourceSwiftDemoUITests.swift */; };
		DA2513311F349D0B00633093 /* ViewController.swift in Sources */ = {isa = PBXBuildFile; fileRef = DA25132E1F349D0B00633093 /* ViewController.swift */; };
		DA2BA98B1FD2B5F700F97F03 /* Extension.swift in Sources */ = {isa = PBXBuildFile; fileRef = DA2BA98A1FD2B5F700F97F03 /* Extension.swift */; };
		DAA098281F3B373B00303DD4 /* YogaKitViewController.swift in Sources */ = {isa = PBXBuildFile; fileRef = DAA098271F3B373B00303DD4 /* YogaKitViewController.swift */; };
		FA15D41E20D26E3000F4AFBC /* ZDAPI.swift in Sources */ = {isa = PBXBuildFile; fileRef = FA15D41D20D26E3000F4AFBC /* ZDAPI.swift */; };
		FA15D42020D26EDB00F4AFBC /* ZDMovieModel.swift in Sources */ = {isa = PBXBuildFile; fileRef = FA15D41F20D26EDB00F4AFBC /* ZDMovieModel.swift */; };
		FA15D42220D26EFB00F4AFBC /* ZDMovieViewModel.swift in Sources */ = {isa = PBXBuildFile; fileRef = FA15D42120D26EFB00F4AFBC /* ZDMovieViewModel.swift */; };
		FA15D42420D3607800F4AFBC /* ZDMovieListController.swift in Sources */ = {isa = PBXBuildFile; fileRef = FA15D42320D3607800F4AFBC /* ZDMovieListController.swift */; };
		FA2EEDEC22530141008EADDC /* ZDBaseViewController.swift in Sources */ = {isa = PBXBuildFile; fileRef = FA2EEDEB22530141008EADDC /* ZDBaseViewController.swift */; };
		FA55967720CFCFF600B5AF9D /* ZDFeedViewModel.swift in Sources */ = {isa = PBXBuildFile; fileRef = FA55967620CFCFF600B5AF9D /* ZDFeedViewModel.swift */; };
		FA55967920CFD00D00B5AF9D /* ZDFeedModel.swift in Sources */ = {isa = PBXBuildFile; fileRef = FA55967820CFD00D00B5AF9D /* ZDFeedModel.swift */; };
		FA55967B20CFDF4300B5AF9D /* ZDFeedController.swift in Sources */ = {isa = PBXBuildFile; fileRef = FA55967A20CFDF4300B5AF9D /* ZDFeedController.swift */; };
		FA581701223136FC00A6F8D9 /* ZDSwiftFunction.swift in Sources */ = {isa = PBXBuildFile; fileRef = FA581700223136FC00A6F8D9 /* ZDSwiftFunction.swift */; };
		FABACA5621F815B800AE1E8D /* ZDExtension.swift in Sources */ = {isa = PBXBuildFile; fileRef = FABACA5521F815B800AE1E8D /* ZDExtension.swift */; };
		FAFD822421EC727400D2E0EC /* UIApplication+ZDUtility.swift in Sources */ = {isa = PBXBuildFile; fileRef = FAFD822321EC727400D2E0EC /* UIApplication+ZDUtility.swift */; };
/* End PBXBuildFile section */

/* Begin PBXContainerItemProxy section */
		DA2513111F349CB000633093 /* PBXContainerItemProxy */ = {
			isa = PBXContainerItemProxy;
			containerPortal = DA2512F41F349CAF00633093 /* Project object */;
			proxyType = 1;
			remoteGlobalIDString = DA2512FB1F349CAF00633093;
			remoteInfo = ZDOpenSourceSwiftDemo;
		};
		DA25131C1F349CB000633093 /* PBXContainerItemProxy */ = {
			isa = PBXContainerItemProxy;
			containerPortal = DA2512F41F349CAF00633093 /* Project object */;
			proxyType = 1;
			remoteGlobalIDString = DA2512FB1F349CAF00633093;
			remoteInfo = ZDOpenSourceSwiftDemo;
		};
/* End PBXContainerItemProxy section */

/* Begin PBXFileReference section */
		11C03676187E2385A41D290E /* Pods-ZDOpenSourceSwiftDemoUITests.debug.xcconfig */ = {isa = PBXFileReference; includeInIndex = 1; lastKnownFileType = text.xcconfig; name = "Pods-ZDOpenSourceSwiftDemoUITests.debug.xcconfig"; path = "Pods/Target Support Files/Pods-ZDOpenSourceSwiftDemoUITests/Pods-ZDOpenSourceSwiftDemoUITests.debug.xcconfig"; sourceTree = "<group>"; };
		4A75C7B9E6BED85D4DE55557 /* Pods_ZDOpenSourceSwiftDemo.framework */ = {isa = PBXFileReference; explicitFileType = wrapper.framework; includeInIndex = 0; path = Pods_ZDOpenSourceSwiftDemo.framework; sourceTree = BUILT_PRODUCTS_DIR; };
		4D15437746CC6E6B315F99FE /* Pods-ZDOpenSourceSwiftDemoUITests.release.xcconfig */ = {isa = PBXFileReference; includeInIndex = 1; lastKnownFileType = text.xcconfig; name = "Pods-ZDOpenSourceSwiftDemoUITests.release.xcconfig"; path = "Pods/Target Support Files/Pods-ZDOpenSourceSwiftDemoUITests/Pods-ZDOpenSourceSwiftDemoUITests.release.xcconfig"; sourceTree = "<group>"; };
		841D14A02719ED4DF416E856 /* Pods-ZDOpenSourceSwiftDemo.debug.xcconfig */ = {isa = PBXFileReference; includeInIndex = 1; lastKnownFileType = text.xcconfig; name = "Pods-ZDOpenSourceSwiftDemo.debug.xcconfig"; path = "Pods/Target Support Files/Pods-ZDOpenSourceSwiftDemo/Pods-ZDOpenSourceSwiftDemo.debug.xcconfig"; sourceTree = "<group>"; };
		BF89B8362536C66AEAFD2172 /* Pods-ZDOpenSourceSwiftDemoTests.debug.xcconfig */ = {isa = PBXFileReference; includeInIndex = 1; lastKnownFileType = text.xcconfig; name = "Pods-ZDOpenSourceSwiftDemoTests.debug.xcconfig"; path = "Pods/Target Support Files/Pods-ZDOpenSourceSwiftDemoTests/Pods-ZDOpenSourceSwiftDemoTests.debug.xcconfig"; sourceTree = "<group>"; };
		C655A7CA46F1DF9BE3707E3A /* Pods_ZDOpenSourceSwiftDemoUITests.framework */ = {isa = PBXFileReference; explicitFileType = wrapper.framework; includeInIndex = 0; path = Pods_ZDOpenSourceSwiftDemoUITests.framework; sourceTree = BUILT_PRODUCTS_DIR; };
		DA0177221F4835C500F40F97 /* data.json */ = {isa = PBXFileReference; fileEncoding = 4; lastKnownFileType = text.json; path = data.json; sourceTree = "<group>"; };
		DA1E4CDD231AD3140010505F /* UIApplication+Hook.swift */ = {isa = PBXFileReference; lastKnownFileType = sourcecode.swift; path = "UIApplication+Hook.swift"; sourceTree = "<group>"; };
		DA2512FC1F349CAF00633093 /* ZDOpenSourceSwiftDemo.app */ = {isa = PBXFileReference; explicitFileType = wrapper.application; includeInIndex = 0; path = ZDOpenSourceSwiftDemo.app; sourceTree = BUILT_PRODUCTS_DIR; };
		DA2512FF1F349CAF00633093 /* AppDelegate.swift */ = {isa = PBXFileReference; lastKnownFileType = sourcecode.swift; path = AppDelegate.swift; sourceTree = "<group>"; };
		DA2513041F349CAF00633093 /* Base */ = {isa = PBXFileReference; lastKnownFileType = file.storyboard; name = Base; path = Base.lproj/Main.storyboard; sourceTree = "<group>"; };
		DA2513061F349CAF00633093 /* Assets.xcassets */ = {isa = PBXFileReference; lastKnownFileType = folder.assetcatalog; path = Assets.xcassets; sourceTree = "<group>"; };
		DA2513091F349CAF00633093 /* Base */ = {isa = PBXFileReference; lastKnownFileType = file.storyboard; name = Base; path = Base.lproj/LaunchScreen.storyboard; sourceTree = "<group>"; };
		DA25130B1F349CAF00633093 /* Info.plist */ = {isa = PBXFileReference; lastKnownFileType = text.plist.xml; path = Info.plist; sourceTree = "<group>"; };
		DA2513101F349CB000633093 /* ZDOpenSourceSwiftDemoTests.xctest */ = {isa = PBXFileReference; explicitFileType = wrapper.cfbundle; includeInIndex = 0; path = ZDOpenSourceSwiftDemoTests.xctest; sourceTree = BUILT_PRODUCTS_DIR; };
		DA2513141F349CB000633093 /* ZDOpenSourceSwiftDemoTests.swift */ = {isa = PBXFileReference; lastKnownFileType = sourcecode.swift; path = ZDOpenSourceSwiftDemoTests.swift; sourceTree = "<group>"; };
		DA2513161F349CB000633093 /* Info.plist */ = {isa = PBXFileReference; lastKnownFileType = text.plist.xml; path = Info.plist; sourceTree = "<group>"; };
		DA25131B1F349CB000633093 /* ZDOpenSourceSwiftDemoUITests.xctest */ = {isa = PBXFileReference; explicitFileType = wrapper.cfbundle; includeInIndex = 0; path = ZDOpenSourceSwiftDemoUITests.xctest; sourceTree = BUILT_PRODUCTS_DIR; };
		DA25131F1F349CB000633093 /* ZDOpenSourceSwiftDemoUITests.swift */ = {isa = PBXFileReference; lastKnownFileType = sourcecode.swift; path = ZDOpenSourceSwiftDemoUITests.swift; sourceTree = "<group>"; };
		DA2513211F349CB000633093 /* Info.plist */ = {isa = PBXFileReference; lastKnownFileType = text.plist.xml; path = Info.plist; sourceTree = "<group>"; };
		DA25132E1F349D0B00633093 /* ViewController.swift */ = {isa = PBXFileReference; fileEncoding = 4; lastKnownFileType = sourcecode.swift; path = ViewController.swift; sourceTree = "<group>"; };
		DA2BA98A1FD2B5F700F97F03 /* Extension.swift */ = {isa = PBXFileReference; lastKnownFileType = sourcecode.swift; path = Extension.swift; sourceTree = "<group>"; };
		DAA098181F39F1CD00303DD4 /* Playground_YogaKit.playground */ = {isa = PBXFileReference; lastKnownFileType = file.playground; path = Playground_YogaKit.playground; sourceTree = "<group>"; xcLanguageSpecificationIdentifier = xcode.lang.swift; };
		DAA098201F39FAFC00303DD4 /* ZDOpenSourceSwiftDemo-Bridging-Header.h */ = {isa = PBXFileReference; lastKnownFileType = sourcecode.c.h; path = "ZDOpenSourceSwiftDemo-Bridging-Header.h"; sourceTree = "<group>"; };
		DAA098261F3B09FA00303DD4 /* Playground_RxSwift.playground */ = {isa = PBXFileReference; lastKnownFileType = file.playground; path = Playground_RxSwift.playground; sourceTree = "<group>"; xcLanguageSpecificationIdentifier = xcode.lang.swift; };
		DAA098271F3B373B00303DD4 /* YogaKitViewController.swift */ = {isa = PBXFileReference; fileEncoding = 4; lastKnownFileType = sourcecode.swift; path = YogaKitViewController.swift; sourceTree = "<group>"; };
		DD102BD0CEA7A542A0F3A12C /* Pods_ZDOpenSourceSwiftDemoTests.framework */ = {isa = PBXFileReference; explicitFileType = wrapper.framework; includeInIndex = 0; path = Pods_ZDOpenSourceSwiftDemoTests.framework; sourceTree = BUILT_PRODUCTS_DIR; };
		E11E4F06DCC44BD89C00BE63 /* Pods-ZDOpenSourceSwiftDemo.release.xcconfig */ = {isa = PBXFileReference; includeInIndex = 1; lastKnownFileType = text.xcconfig; name = "Pods-ZDOpenSourceSwiftDemo.release.xcconfig"; path = "Pods/Target Support Files/Pods-ZDOpenSourceSwiftDemo/Pods-ZDOpenSourceSwiftDemo.release.xcconfig"; sourceTree = "<group>"; };
		E301815B8D5D46CF1CE87075 /* Pods-ZDOpenSourceSwiftDemoTests.release.xcconfig */ = {isa = PBXFileReference; includeInIndex = 1; lastKnownFileType = text.xcconfig; name = "Pods-ZDOpenSourceSwiftDemoTests.release.xcconfig"; path = "Pods/Target Support Files/Pods-ZDOpenSourceSwiftDemoTests/Pods-ZDOpenSourceSwiftDemoTests.release.xcconfig"; sourceTree = "<group>"; };
		FA15D41D20D26E3000F4AFBC /* ZDAPI.swift */ = {isa = PBXFileReference; lastKnownFileType = sourcecode.swift; path = ZDAPI.swift; sourceTree = "<group>"; };
		FA15D41F20D26EDB00F4AFBC /* ZDMovieModel.swift */ = {isa = PBXFileReference; lastKnownFileType = sourcecode.swift; path = ZDMovieModel.swift; sourceTree = "<group>"; };
		FA15D42120D26EFB00F4AFBC /* ZDMovieViewModel.swift */ = {isa = PBXFileReference; lastKnownFileType = sourcecode.swift; path = ZDMovieViewModel.swift; sourceTree = "<group>"; };
		FA15D42320D3607800F4AFBC /* ZDMovieListController.swift */ = {isa = PBXFileReference; lastKnownFileType = sourcecode.swift; path = ZDMovieListController.swift; sourceTree = "<group>"; };
		FA2EEDEB22530141008EADDC /* ZDBaseViewController.swift */ = {isa = PBXFileReference; lastKnownFileType = sourcecode.swift; path = ZDBaseViewController.swift; sourceTree = "<group>"; };
		FA55966B20CF871000B5AF9D /* Playground_Codable.playground */ = {isa = PBXFileReference; lastKnownFileType = file.playground; path = Playground_Codable.playground; sourceTree = "<group>"; xcLanguageSpecificationIdentifier = xcode.lang.swift; };
		FA55967620CFCFF600B5AF9D /* ZDFeedViewModel.swift */ = {isa = PBXFileReference; lastKnownFileType = sourcecode.swift; path = ZDFeedViewModel.swift; sourceTree = "<group>"; };
		FA55967820CFD00D00B5AF9D /* ZDFeedModel.swift */ = {isa = PBXFileReference; lastKnownFileType = sourcecode.swift; path = ZDFeedModel.swift; sourceTree = "<group>"; };
		FA55967A20CFDF4300B5AF9D /* ZDFeedController.swift */ = {isa = PBXFileReference; lastKnownFileType = sourcecode.swift; path = ZDFeedController.swift; sourceTree = "<group>"; };
		FA581700223136FC00A6F8D9 /* ZDSwiftFunction.swift */ = {isa = PBXFileReference; lastKnownFileType = sourcecode.swift; path = ZDSwiftFunction.swift; sourceTree = "<group>"; };
		FABACA5521F815B800AE1E8D /* ZDExtension.swift */ = {isa = PBXFileReference; lastKnownFileType = sourcecode.swift; path = ZDExtension.swift; sourceTree = "<group>"; };
		FAFD822321EC727400D2E0EC /* UIApplication+ZDUtility.swift */ = {isa = PBXFileReference; lastKnownFileType = sourcecode.swift; path = "UIApplication+ZDUtility.swift"; sourceTree = "<group>"; };
/* End PBXFileReference section */

/* Begin PBXFrameworksBuildPhase section */
		DA2512F91F349CAF00633093 /* Frameworks */ = {
			isa = PBXFrameworksBuildPhase;
			buildActionMask = 2147483647;
			files = (
				BA7A2E05820B0B85FD6732F5 /* Pods_ZDOpenSourceSwiftDemo.framework in Frameworks */,
			);
			runOnlyForDeploymentPostprocessing = 0;
		};
		DA25130D1F349CB000633093 /* Frameworks */ = {
			isa = PBXFrameworksBuildPhase;
			buildActionMask = 2147483647;
			files = (
				C9BD4EAA287F398F6EFED33C /* Pods_ZDOpenSourceSwiftDemoTests.framework in Frameworks */,
			);
			runOnlyForDeploymentPostprocessing = 0;
		};
		DA2513181F349CB000633093 /* Frameworks */ = {
			isa = PBXFrameworksBuildPhase;
			buildActionMask = 2147483647;
			files = (
				23C6D1EAE90C7D5117DD3CBB /* Pods_ZDOpenSourceSwiftDemoUITests.framework in Frameworks */,
			);
			runOnlyForDeploymentPostprocessing = 0;
		};
/* End PBXFrameworksBuildPhase section */

/* Begin PBXGroup section */
		3F1F0083120F9E5F6A112870 /* Pods */ = {
			isa = PBXGroup;
			children = (
				841D14A02719ED4DF416E856 /* Pods-ZDOpenSourceSwiftDemo.debug.xcconfig */,
				E11E4F06DCC44BD89C00BE63 /* Pods-ZDOpenSourceSwiftDemo.release.xcconfig */,
				BF89B8362536C66AEAFD2172 /* Pods-ZDOpenSourceSwiftDemoTests.debug.xcconfig */,
				E301815B8D5D46CF1CE87075 /* Pods-ZDOpenSourceSwiftDemoTests.release.xcconfig */,
				11C03676187E2385A41D290E /* Pods-ZDOpenSourceSwiftDemoUITests.debug.xcconfig */,
				4D15437746CC6E6B315F99FE /* Pods-ZDOpenSourceSwiftDemoUITests.release.xcconfig */,
			);
			name = Pods;
			sourceTree = "<group>";
		};
		B5C12EB7BFAD3B99567EEB49 /* Frameworks */ = {
			isa = PBXGroup;
			children = (
				4A75C7B9E6BED85D4DE55557 /* Pods_ZDOpenSourceSwiftDemo.framework */,
				DD102BD0CEA7A542A0F3A12C /* Pods_ZDOpenSourceSwiftDemoTests.framework */,
				C655A7CA46F1DF9BE3707E3A /* Pods_ZDOpenSourceSwiftDemoUITests.framework */,
			);
			name = Frameworks;
			sourceTree = "<group>";
		};
		DA01771F1F48357D00F40F97 /* Resource */ = {
			isa = PBXGroup;
			children = (
				DA0177221F4835C500F40F97 /* data.json */,
				FA15D41D20D26E3000F4AFBC /* ZDAPI.swift */,
			);
			path = Resource;
			sourceTree = "<group>";
		};
		DA2512F31F349CAF00633093 = {
			isa = PBXGroup;
			children = (
				DA2512FE1F349CAF00633093 /* ZDOpenSourceSwiftDemo */,
				DA2513131F349CB000633093 /* ZDOpenSourceSwiftDemoTests */,
				DA25131E1F349CB000633093 /* ZDOpenSourceSwiftDemoUITests */,
				DA2512FD1F349CAF00633093 /* Products */,
				3F1F0083120F9E5F6A112870 /* Pods */,
				B5C12EB7BFAD3B99567EEB49 /* Frameworks */,
			);
			sourceTree = "<group>";
		};
		DA2512FD1F349CAF00633093 /* Products */ = {
			isa = PBXGroup;
			children = (
				DA2512FC1F349CAF00633093 /* ZDOpenSourceSwiftDemo.app */,
				DA2513101F349CB000633093 /* ZDOpenSourceSwiftDemoTests.xctest */,
				DA25131B1F349CB000633093 /* ZDOpenSourceSwiftDemoUITests.xctest */,
			);
			name = Products;
			sourceTree = "<group>";
		};
		DA2512FE1F349CAF00633093 /* ZDOpenSourceSwiftDemo */ = {
			isa = PBXGroup;
			children = (
				DAA098171F39F19700303DD4 /* Playgrounds */,
				DA25132D1F349D0B00633093 /* ViewControllers */,
				DA2BA9861FD2B4F100F97F03 /* Views */,
				FA55967420CFCF8000B5AF9D /* ViewModels */,
				FA55967520CFCF8A00B5AF9D /* Models */,
				FAFD822221EC723300D2E0EC /* Category */,
				DA2512FF1F349CAF00633093 /* AppDelegate.swift */,
				DA2513031F349CAF00633093 /* Main.storyboard */,
				DA2513061F349CAF00633093 /* Assets.xcassets */,
				DA2513081F349CAF00633093 /* LaunchScreen.storyboard */,
				DA25130B1F349CAF00633093 /* Info.plist */,
				DAA098201F39FAFC00303DD4 /* ZDOpenSourceSwiftDemo-Bridging-Header.h */,
				DA01771F1F48357D00F40F97 /* Resource */,
				DAA098191F39F29800303DD4 /* Frameworks */,
			);
			path = ZDOpenSourceSwiftDemo;
			sourceTree = "<group>";
		};
		DA2513131F349CB000633093 /* ZDOpenSourceSwiftDemoTests */ = {
			isa = PBXGroup;
			children = (
				DA2513141F349CB000633093 /* ZDOpenSourceSwiftDemoTests.swift */,
				DA2513161F349CB000633093 /* Info.plist */,
			);
			path = ZDOpenSourceSwiftDemoTests;
			sourceTree = "<group>";
		};
		DA25131E1F349CB000633093 /* ZDOpenSourceSwiftDemoUITests */ = {
			isa = PBXGroup;
			children = (
				DA25131F1F349CB000633093 /* ZDOpenSourceSwiftDemoUITests.swift */,
				DA2513211F349CB000633093 /* Info.plist */,
			);
			path = ZDOpenSourceSwiftDemoUITests;
			sourceTree = "<group>";
		};
		DA25132D1F349D0B00633093 /* ViewControllers */ = {
			isa = PBXGroup;
			children = (
				FA2EEDEB22530141008EADDC /* ZDBaseViewController.swift */,
				DA25132E1F349D0B00633093 /* ViewController.swift */,
				DAA098271F3B373B00303DD4 /* YogaKitViewController.swift */,
				FA55967A20CFDF4300B5AF9D /* ZDFeedController.swift */,
				FA15D42320D3607800F4AFBC /* ZDMovieListController.swift */,
			);
			path = ViewControllers;
			sourceTree = "<group>";
		};
		DA2BA9861FD2B4F100F97F03 /* Views */ = {
			isa = PBXGroup;
			children = (
				DA2BA98A1FD2B5F700F97F03 /* Extension.swift */,
			);
			path = Views;
			sourceTree = "<group>";
		};
		DAA098171F39F19700303DD4 /* Playgrounds */ = {
			isa = PBXGroup;
			children = (
				FA55966B20CF871000B5AF9D /* Playground_Codable.playground */,
				DAA098181F39F1CD00303DD4 /* Playground_YogaKit.playground */,
				DAA098261F3B09FA00303DD4 /* Playground_RxSwift.playground */,
			);
			path = Playgrounds;
			sourceTree = "<group>";
		};
		DAA098191F39F29800303DD4 /* Frameworks */ = {
			isa = PBXGroup;
			children = (
			);
			path = Frameworks;
			sourceTree = "<group>";
		};
		FA55967420CFCF8000B5AF9D /* ViewModels */ = {
			isa = PBXGroup;
			children = (
				FA55967620CFCFF600B5AF9D /* ZDFeedViewModel.swift */,
				FA15D42120D26EFB00F4AFBC /* ZDMovieViewModel.swift */,
			);
			path = ViewModels;
			sourceTree = "<group>";
		};
		FA55967520CFCF8A00B5AF9D /* Models */ = {
			isa = PBXGroup;
			children = (
				FA55967820CFD00D00B5AF9D /* ZDFeedModel.swift */,
				FA15D41F20D26EDB00F4AFBC /* ZDMovieModel.swift */,
			);
			path = Models;
			sourceTree = "<group>";
		};
		FAFD822221EC723300D2E0EC /* Category */ = {
			isa = PBXGroup;
			children = (
				FAFD822321EC727400D2E0EC /* UIApplication+ZDUtility.swift */,
				FABACA5521F815B800AE1E8D /* ZDExtension.swift */,
				FA581700223136FC00A6F8D9 /* ZDSwiftFunction.swift */,
				DA1E4CDD231AD3140010505F /* UIApplication+Hook.swift */,
			);
			path = Category;
			sourceTree = "<group>";
		};
/* End PBXGroup section */

/* Begin PBXNativeTarget section */
		DA2512FB1F349CAF00633093 /* ZDOpenSourceSwiftDemo */ = {
			isa = PBXNativeTarget;
			buildConfigurationList = DA2513241F349CB000633093 /* Build configuration list for PBXNativeTarget "ZDOpenSourceSwiftDemo" */;
			buildPhases = (
				3F561135A87D51795F043EFE /* [CP] Check Pods Manifest.lock */,
				DA2512F81F349CAF00633093 /* Sources */,
				DA2512F91F349CAF00633093 /* Frameworks */,
				DA2512FA1F349CAF00633093 /* Resources */,
				C05242B0B480B0A0A7B56AD1 /* [CP] Embed Pods Frameworks */,
			);
			buildRules = (
			);
			dependencies = (
			);
			name = ZDOpenSourceSwiftDemo;
			productName = ZDOpenSourceSwiftDemo;
			productReference = DA2512FC1F349CAF00633093 /* ZDOpenSourceSwiftDemo.app */;
			productType = "com.apple.product-type.application";
		};
		DA25130F1F349CB000633093 /* ZDOpenSourceSwiftDemoTests */ = {
			isa = PBXNativeTarget;
			buildConfigurationList = DA2513271F349CB000633093 /* Build configuration list for PBXNativeTarget "ZDOpenSourceSwiftDemoTests" */;
			buildPhases = (
				E0337C0D9212CED3E99AD878 /* [CP] Check Pods Manifest.lock */,
				DA25130C1F349CB000633093 /* Sources */,
				DA25130D1F349CB000633093 /* Frameworks */,
				DA25130E1F349CB000633093 /* Resources */,
			);
			buildRules = (
			);
			dependencies = (
				DA2513121F349CB000633093 /* PBXTargetDependency */,
			);
			name = ZDOpenSourceSwiftDemoTests;
			productName = ZDOpenSourceSwiftDemoTests;
			productReference = DA2513101F349CB000633093 /* ZDOpenSourceSwiftDemoTests.xctest */;
			productType = "com.apple.product-type.bundle.unit-test";
		};
		DA25131A1F349CB000633093 /* ZDOpenSourceSwiftDemoUITests */ = {
			isa = PBXNativeTarget;
			buildConfigurationList = DA25132A1F349CB000633093 /* Build configuration list for PBXNativeTarget "ZDOpenSourceSwiftDemoUITests" */;
			buildPhases = (
				59AE7C81D0570193059D2E67 /* [CP] Check Pods Manifest.lock */,
				DA2513171F349CB000633093 /* Sources */,
				DA2513181F349CB000633093 /* Frameworks */,
				DA2513191F349CB000633093 /* Resources */,
			);
			buildRules = (
			);
			dependencies = (
				DA25131D1F349CB000633093 /* PBXTargetDependency */,
			);
			name = ZDOpenSourceSwiftDemoUITests;
			productName = ZDOpenSourceSwiftDemoUITests;
			productReference = DA25131B1F349CB000633093 /* ZDOpenSourceSwiftDemoUITests.xctest */;
			productType = "com.apple.product-type.bundle.ui-testing";
		};
/* End PBXNativeTarget section */

/* Begin PBXProject section */
		DA2512F41F349CAF00633093 /* Project object */ = {
			isa = PBXProject;
			attributes = {
				LastSwiftUpdateCheck = 0830;
				LastUpgradeCheck = 0940;
				ORGANIZATIONNAME = Zero.D.Saber;
				TargetAttributes = {
					DA2512FB1F349CAF00633093 = {
						CreatedOnToolsVersion = 8.3.3;
						LastSwiftMigration = 0830;
						ProvisioningStyle = Automatic;
					};
					DA25130F1F349CB000633093 = {
						CreatedOnToolsVersion = 8.3.3;
						LastSwiftMigration = 1010;
						ProvisioningStyle = Automatic;
						TestTargetID = DA2512FB1F349CAF00633093;
					};
					DA25131A1F349CB000633093 = {
						CreatedOnToolsVersion = 8.3.3;
						LastSwiftMigration = 1010;
						ProvisioningStyle = Automatic;
						TestTargetID = DA2512FB1F349CAF00633093;
					};
				};
			};
			buildConfigurationList = DA2512F71F349CAF00633093 /* Build configuration list for PBXProject "ZDOpenSourceSwiftDemo" */;
			compatibilityVersion = "Xcode 3.2";
			developmentRegion = English;
			hasScannedForEncodings = 0;
			knownRegions = (
				English,
				en,
				Base,
			);
			mainGroup = DA2512F31F349CAF00633093;
			productRefGroup = DA2512FD1F349CAF00633093 /* Products */;
			projectDirPath = "";
			projectRoot = "";
			targets = (
				DA2512FB1F349CAF00633093 /* ZDOpenSourceSwiftDemo */,
				DA25130F1F349CB000633093 /* ZDOpenSourceSwiftDemoTests */,
				DA25131A1F349CB000633093 /* ZDOpenSourceSwiftDemoUITests */,
			);
		};
/* End PBXProject section */

/* Begin PBXResourcesBuildPhase section */
		DA2512FA1F349CAF00633093 /* Resources */ = {
			isa = PBXResourcesBuildPhase;
			buildActionMask = 2147483647;
			files = (
				DA25130A1F349CAF00633093 /* LaunchScreen.storyboard in Resources */,
				DA2513071F349CAF00633093 /* Assets.xcassets in Resources */,
				DA2513051F349CAF00633093 /* Main.storyboard in Resources */,
				DA0177231F4835C500F40F97 /* data.json in Resources */,
			);
			runOnlyForDeploymentPostprocessing = 0;
		};
		DA25130E1F349CB000633093 /* Resources */ = {
			isa = PBXResourcesBuildPhase;
			buildActionMask = 2147483647;
			files = (
			);
			runOnlyForDeploymentPostprocessing = 0;
		};
		DA2513191F349CB000633093 /* Resources */ = {
			isa = PBXResourcesBuildPhase;
			buildActionMask = 2147483647;
			files = (
			);
			runOnlyForDeploymentPostprocessing = 0;
		};
/* End PBXResourcesBuildPhase section */

/* Begin PBXShellScriptBuildPhase section */
		3F561135A87D51795F043EFE /* [CP] Check Pods Manifest.lock */ = {
			isa = PBXShellScriptBuildPhase;
			buildActionMask = 2147483647;
			files = (
			);
			inputPaths = (
				"${PODS_PODFILE_DIR_PATH}/Podfile.lock",
				"${PODS_ROOT}/Manifest.lock",
			);
			name = "[CP] Check Pods Manifest.lock";
			outputPaths = (
				"$(DERIVED_FILE_DIR)/Pods-ZDOpenSourceSwiftDemo-checkManifestLockResult.txt",
			);
			runOnlyForDeploymentPostprocessing = 0;
			shellPath = /bin/sh;
			shellScript = "diff \"${PODS_PODFILE_DIR_PATH}/Podfile.lock\" \"${PODS_ROOT}/Manifest.lock\" > /dev/null\nif [ $? != 0 ] ; then\n    # print error to STDERR\n    echo \"error: The sandbox is not in sync with the Podfile.lock. Run 'pod install' or update your CocoaPods installation.\" >&2\n    exit 1\nfi\n# This output is used by Xcode 'outputs' to avoid re-running this script phase.\necho \"SUCCESS\" > \"${SCRIPT_OUTPUT_FILE_0}\"\n";
			showEnvVarsInLog = 0;
		};
		59AE7C81D0570193059D2E67 /* [CP] Check Pods Manifest.lock */ = {
			isa = PBXShellScriptBuildPhase;
			buildActionMask = 2147483647;
			files = (
			);
			inputPaths = (
				"${PODS_PODFILE_DIR_PATH}/Podfile.lock",
				"${PODS_ROOT}/Manifest.lock",
			);
			name = "[CP] Check Pods Manifest.lock";
			outputPaths = (
				"$(DERIVED_FILE_DIR)/Pods-ZDOpenSourceSwiftDemoUITests-checkManifestLockResult.txt",
			);
			runOnlyForDeploymentPostprocessing = 0;
			shellPath = /bin/sh;
			shellScript = "diff \"${PODS_PODFILE_DIR_PATH}/Podfile.lock\" \"${PODS_ROOT}/Manifest.lock\" > /dev/null\nif [ $? != 0 ] ; then\n    # print error to STDERR\n    echo \"error: The sandbox is not in sync with the Podfile.lock. Run 'pod install' or update your CocoaPods installation.\" >&2\n    exit 1\nfi\n# This output is used by Xcode 'outputs' to avoid re-running this script phase.\necho \"SUCCESS\" > \"${SCRIPT_OUTPUT_FILE_0}\"\n";
			showEnvVarsInLog = 0;
		};
		C05242B0B480B0A0A7B56AD1 /* [CP] Embed Pods Frameworks */ = {
			isa = PBXShellScriptBuildPhase;
			buildActionMask = 2147483647;
			files = (
			);
			inputPaths = (
				"${PODS_ROOT}/Target Support Files/Pods-ZDOpenSourceSwiftDemo/Pods-ZDOpenSourceSwiftDemo-frameworks.sh",
				"${BUILT_PRODUCTS_DIR}/Alamofire/Alamofire.framework",
				"${BUILT_PRODUCTS_DIR}/Buglife/Buglife.framework",
				"${BUILT_PRODUCTS_DIR}/Cartography/Cartography.framework",
				"${BUILT_PRODUCTS_DIR}/DeepDiff/DeepDiff.framework",
				"${BUILT_PRODUCTS_DIR}/FLEX/FLEX.framework",
				"${BUILT_PRODUCTS_DIR}/GDPerformanceView-Swift/GDPerformanceView_Swift.framework",
				"${BUILT_PRODUCTS_DIR}/Gemini/Gemini.framework",
				"${BUILT_PRODUCTS_DIR}/Hero/Hero.framework",
				"${BUILT_PRODUCTS_DIR}/IGListKit/IGListKit.framework",
				"${BUILT_PRODUCTS_DIR}/Kingfisher/Kingfisher.framework",
				"${BUILT_PRODUCTS_DIR}/LayoutInspector/LayoutInspector.framework",
				"${BUILT_PRODUCTS_DIR}/LayoutKit/LayoutKit.framework",
				"${BUILT_PRODUCTS_DIR}/LifetimeTracker/LifetimeTracker.framework",
				"${PODS_ROOT}/LookinServer/LookinServer.framework",
				"${BUILT_PRODUCTS_DIR}/MBProgressHUD/MBProgressHUD.framework",
				"${BUILT_PRODUCTS_DIR}/Neon/Neon.framework",
				"${BUILT_PRODUCTS_DIR}/ObjectMapper/ObjectMapper.framework",
				"${BUILT_PRODUCTS_DIR}/PINCache/PINCache.framework",
				"${BUILT_PRODUCTS_DIR}/PINOperation/PINOperation.framework",
				"${BUILT_PRODUCTS_DIR}/PINRemoteImage/PINRemoteImage.framework",
				"${BUILT_PRODUCTS_DIR}/PromiseKit/PromiseKit.framework",
				"${BUILT_PRODUCTS_DIR}/PromisesObjC/FBLPromises.framework",
				"${BUILT_PRODUCTS_DIR}/PromisesSwift/Promises.framework",
				"${BUILT_PRODUCTS_DIR}/RSSwizzle/RSSwizzle.framework",
				"${BUILT_PRODUCTS_DIR}/ResponseDetective/ResponseDetective.framework",
				"${BUILT_PRODUCTS_DIR}/RxCocoa/RxCocoa.framework",
				"${BUILT_PRODUCTS_DIR}/RxRelay/RxRelay.framework",
				"${BUILT_PRODUCTS_DIR}/RxSwift/RxSwift.framework",
				"${BUILT_PRODUCTS_DIR}/SnapKit/SnapKit.framework",
				"${BUILT_PRODUCTS_DIR}/Texture/AsyncDisplayKit.framework",
				"${BUILT_PRODUCTS_DIR}/TinyConstraints/TinyConstraints.framework",
				"${BUILT_PRODUCTS_DIR}/Toast-Swift/Toast_Swift.framework",
				"${BUILT_PRODUCTS_DIR}/Watchdog/Watchdog.framework",
				"${BUILT_PRODUCTS_DIR}/Yoga/yoga.framework",
				"${BUILT_PRODUCTS_DIR}/YogaKit/YogaKit.framework",
				"${BUILT_PRODUCTS_DIR}/lottie-ios/Lottie.framework",
			);
			name = "[CP] Embed Pods Frameworks";
			outputPaths = (
				"${TARGET_BUILD_DIR}/${FRAMEWORKS_FOLDER_PATH}/Alamofire.framework",
				"${TARGET_BUILD_DIR}/${FRAMEWORKS_FOLDER_PATH}/Buglife.framework",
				"${TARGET_BUILD_DIR}/${FRAMEWORKS_FOLDER_PATH}/Cartography.framework",
				"${TARGET_BUILD_DIR}/${FRAMEWORKS_FOLDER_PATH}/DeepDiff.framework",
				"${TARGET_BUILD_DIR}/${FRAMEWORKS_FOLDER_PATH}/FLEX.framework",
				"${TARGET_BUILD_DIR}/${FRAMEWORKS_FOLDER_PATH}/GDPerformanceView_Swift.framework",
				"${TARGET_BUILD_DIR}/${FRAMEWORKS_FOLDER_PATH}/Gemini.framework",
				"${TARGET_BUILD_DIR}/${FRAMEWORKS_FOLDER_PATH}/Hero.framework",
				"${TARGET_BUILD_DIR}/${FRAMEWORKS_FOLDER_PATH}/IGListKit.framework",
				"${TARGET_BUILD_DIR}/${FRAMEWORKS_FOLDER_PATH}/Kingfisher.framework",
				"${TARGET_BUILD_DIR}/${FRAMEWORKS_FOLDER_PATH}/LayoutInspector.framework",
				"${TARGET_BUILD_DIR}/${FRAMEWORKS_FOLDER_PATH}/LayoutKit.framework",
				"${TARGET_BUILD_DIR}/${FRAMEWORKS_FOLDER_PATH}/LifetimeTracker.framework",
				"${TARGET_BUILD_DIR}/${FRAMEWORKS_FOLDER_PATH}/LookinServer.framework",
				"${TARGET_BUILD_DIR}/${FRAMEWORKS_FOLDER_PATH}/MBProgressHUD.framework",
				"${TARGET_BUILD_DIR}/${FRAMEWORKS_FOLDER_PATH}/Neon.framework",
				"${TARGET_BUILD_DIR}/${FRAMEWORKS_FOLDER_PATH}/ObjectMapper.framework",
				"${TARGET_BUILD_DIR}/${FRAMEWORKS_FOLDER_PATH}/PINCache.framework",
				"${TARGET_BUILD_DIR}/${FRAMEWORKS_FOLDER_PATH}/PINOperation.framework",
				"${TARGET_BUILD_DIR}/${FRAMEWORKS_FOLDER_PATH}/PINRemoteImage.framework",
				"${TARGET_BUILD_DIR}/${FRAMEWORKS_FOLDER_PATH}/PromiseKit.framework",
				"${TARGET_BUILD_DIR}/${FRAMEWORKS_FOLDER_PATH}/FBLPromises.framework",
				"${TARGET_BUILD_DIR}/${FRAMEWORKS_FOLDER_PATH}/Promises.framework",
				"${TARGET_BUILD_DIR}/${FRAMEWORKS_FOLDER_PATH}/RSSwizzle.framework",
				"${TARGET_BUILD_DIR}/${FRAMEWORKS_FOLDER_PATH}/ResponseDetective.framework",
				"${TARGET_BUILD_DIR}/${FRAMEWORKS_FOLDER_PATH}/RxCocoa.framework",
				"${TARGET_BUILD_DIR}/${FRAMEWORKS_FOLDER_PATH}/RxRelay.framework",
				"${TARGET_BUILD_DIR}/${FRAMEWORKS_FOLDER_PATH}/RxSwift.framework",
				"${TARGET_BUILD_DIR}/${FRAMEWORKS_FOLDER_PATH}/SnapKit.framework",
				"${TARGET_BUILD_DIR}/${FRAMEWORKS_FOLDER_PATH}/AsyncDisplayKit.framework",
				"${TARGET_BUILD_DIR}/${FRAMEWORKS_FOLDER_PATH}/TinyConstraints.framework",
				"${TARGET_BUILD_DIR}/${FRAMEWORKS_FOLDER_PATH}/Toast_Swift.framework",
				"${TARGET_BUILD_DIR}/${FRAMEWORKS_FOLDER_PATH}/Watchdog.framework",
				"${TARGET_BUILD_DIR}/${FRAMEWORKS_FOLDER_PATH}/yoga.framework",
				"${TARGET_BUILD_DIR}/${FRAMEWORKS_FOLDER_PATH}/YogaKit.framework",
				"${TARGET_BUILD_DIR}/${FRAMEWORKS_FOLDER_PATH}/Lottie.framework",
			);
			runOnlyForDeploymentPostprocessing = 0;
			shellPath = /bin/sh;
			shellScript = "\"${PODS_ROOT}/Target Support Files/Pods-ZDOpenSourceSwiftDemo/Pods-ZDOpenSourceSwiftDemo-frameworks.sh\"\n";
			showEnvVarsInLog = 0;
		};
		E0337C0D9212CED3E99AD878 /* [CP] Check Pods Manifest.lock */ = {
			isa = PBXShellScriptBuildPhase;
			buildActionMask = 2147483647;
			files = (
			);
			inputPaths = (
				"${PODS_PODFILE_DIR_PATH}/Podfile.lock",
				"${PODS_ROOT}/Manifest.lock",
			);
			name = "[CP] Check Pods Manifest.lock";
			outputPaths = (
				"$(DERIVED_FILE_DIR)/Pods-ZDOpenSourceSwiftDemoTests-checkManifestLockResult.txt",
			);
			runOnlyForDeploymentPostprocessing = 0;
			shellPath = /bin/sh;
			shellScript = "diff \"${PODS_PODFILE_DIR_PATH}/Podfile.lock\" \"${PODS_ROOT}/Manifest.lock\" > /dev/null\nif [ $? != 0 ] ; then\n    # print error to STDERR\n    echo \"error: The sandbox is not in sync with the Podfile.lock. Run 'pod install' or update your CocoaPods installation.\" >&2\n    exit 1\nfi\n# This output is used by Xcode 'outputs' to avoid re-running this script phase.\necho \"SUCCESS\" > \"${SCRIPT_OUTPUT_FILE_0}\"\n";
			showEnvVarsInLog = 0;
		};
/* End PBXShellScriptBuildPhase section */

/* Begin PBXSourcesBuildPhase section */
		DA2512F81F349CAF00633093 /* Sources */ = {
			isa = PBXSourcesBuildPhase;
			buildActionMask = 2147483647;
			files = (
				DA2513311F349D0B00633093 /* ViewController.swift in Sources */,
				DA1E4CDE231AD3140010505F /* UIApplication+Hook.swift in Sources */,
				DA2513001F349CAF00633093 /* AppDelegate.swift in Sources */,
				FA55967720CFCFF600B5AF9D /* ZDFeedViewModel.swift in Sources */,
				FA581701223136FC00A6F8D9 /* ZDSwiftFunction.swift in Sources */,
				FAFD822421EC727400D2E0EC /* UIApplication+ZDUtility.swift in Sources */,
				FA2EEDEC22530141008EADDC /* ZDBaseViewController.swift in Sources */,
				FA55967920CFD00D00B5AF9D /* ZDFeedModel.swift in Sources */,
				DAA098281F3B373B00303DD4 /* YogaKitViewController.swift in Sources */,
				FA15D42220D26EFB00F4AFBC /* ZDMovieViewModel.swift in Sources */,
				FA55967B20CFDF4300B5AF9D /* ZDFeedController.swift in Sources */,
				FA15D41E20D26E3000F4AFBC /* ZDAPI.swift in Sources */,
				FA15D42020D26EDB00F4AFBC /* ZDMovieModel.swift in Sources */,
				DA2BA98B1FD2B5F700F97F03 /* Extension.swift in Sources */,
				FA15D42420D3607800F4AFBC /* ZDMovieListController.swift in Sources */,
				FABACA5621F815B800AE1E8D /* ZDExtension.swift in Sources */,
			);
			runOnlyForDeploymentPostprocessing = 0;
		};
		DA25130C1F349CB000633093 /* Sources */ = {
			isa = PBXSourcesBuildPhase;
			buildActionMask = 2147483647;
			files = (
				DA2513151F349CB000633093 /* ZDOpenSourceSwiftDemoTests.swift in Sources */,
			);
			runOnlyForDeploymentPostprocessing = 0;
		};
		DA2513171F349CB000633093 /* Sources */ = {
			isa = PBXSourcesBuildPhase;
			buildActionMask = 2147483647;
			files = (
				DA2513201F349CB000633093 /* ZDOpenSourceSwiftDemoUITests.swift in Sources */,
			);
			runOnlyForDeploymentPostprocessing = 0;
		};
/* End PBXSourcesBuildPhase section */

/* Begin PBXTargetDependency section */
		DA2513121F349CB000633093 /* PBXTargetDependency */ = {
			isa = PBXTargetDependency;
			target = DA2512FB1F349CAF00633093 /* ZDOpenSourceSwiftDemo */;
			targetProxy = DA2513111F349CB000633093 /* PBXContainerItemProxy */;
		};
		DA25131D1F349CB000633093 /* PBXTargetDependency */ = {
			isa = PBXTargetDependency;
			target = DA2512FB1F349CAF00633093 /* ZDOpenSourceSwiftDemo */;
			targetProxy = DA25131C1F349CB000633093 /* PBXContainerItemProxy */;
		};
/* End PBXTargetDependency section */

/* Begin PBXVariantGroup section */
		DA2513031F349CAF00633093 /* Main.storyboard */ = {
			isa = PBXVariantGroup;
			children = (
				DA2513041F349CAF00633093 /* Base */,
			);
			name = Main.storyboard;
			sourceTree = "<group>";
		};
		DA2513081F349CAF00633093 /* LaunchScreen.storyboard */ = {
			isa = PBXVariantGroup;
			children = (
				DA2513091F349CAF00633093 /* Base */,
			);
			name = LaunchScreen.storyboard;
			sourceTree = "<group>";
		};
/* End PBXVariantGroup section */

/* Begin XCBuildConfiguration section */
		DA2513221F349CB000633093 /* Debug */ = {
			isa = XCBuildConfiguration;
			buildSettings = {
				ALWAYS_SEARCH_USER_PATHS = NO;
				CLANG_ANALYZER_NONNULL = YES;
				CLANG_ANALYZER_NUMBER_OBJECT_CONVERSION = YES_AGGRESSIVE;
				CLANG_CXX_LANGUAGE_STANDARD = "gnu++0x";
				CLANG_CXX_LIBRARY = "libc++";
				CLANG_ENABLE_MODULES = YES;
				CLANG_ENABLE_OBJC_ARC = YES;
				CLANG_WARN_BLOCK_CAPTURE_AUTORELEASING = YES;
				CLANG_WARN_BOOL_CONVERSION = YES;
				CLANG_WARN_COMMA = YES;
				CLANG_WARN_CONSTANT_CONVERSION = YES;
				CLANG_WARN_DEPRECATED_OBJC_IMPLEMENTATIONS = YES;
				CLANG_WARN_DIRECT_OBJC_ISA_USAGE = YES_ERROR;
				CLANG_WARN_DOCUMENTATION_COMMENTS = YES;
				CLANG_WARN_EMPTY_BODY = YES;
				CLANG_WARN_ENUM_CONVERSION = YES;
				CLANG_WARN_INFINITE_RECURSION = YES;
				CLANG_WARN_INT_CONVERSION = YES;
				CLANG_WARN_NON_LITERAL_NULL_CONVERSION = YES;
				CLANG_WARN_OBJC_IMPLICIT_RETAIN_SELF = YES;
				CLANG_WARN_OBJC_LITERAL_CONVERSION = YES;
				CLANG_WARN_OBJC_ROOT_CLASS = YES_ERROR;
				CLANG_WARN_RANGE_LOOP_ANALYSIS = YES;
				CLANG_WARN_STRICT_PROTOTYPES = YES;
				CLANG_WARN_SUSPICIOUS_MOVE = YES;
				CLANG_WARN_UNREACHABLE_CODE = YES;
				CLANG_WARN__DUPLICATE_METHOD_MATCH = YES;
				"CODE_SIGN_IDENTITY[sdk=iphoneos*]" = "iPhone Developer";
				COPY_PHASE_STRIP = NO;
				DEBUG_INFORMATION_FORMAT = dwarf;
				ENABLE_STRICT_OBJC_MSGSEND = YES;
				ENABLE_TESTABILITY = YES;
				GCC_C_LANGUAGE_STANDARD = gnu99;
				GCC_DYNAMIC_NO_PIC = NO;
				GCC_NO_COMMON_BLOCKS = YES;
				GCC_OPTIMIZATION_LEVEL = 0;
				GCC_PREPROCESSOR_DEFINITIONS = (
					"DEBUG=1",
					"$(inherited)",
				);
				GCC_WARN_64_TO_32_BIT_CONVERSION = YES;
				GCC_WARN_ABOUT_RETURN_TYPE = YES_ERROR;
				GCC_WARN_UNDECLARED_SELECTOR = YES;
				GCC_WARN_UNINITIALIZED_AUTOS = YES_AGGRESSIVE;
				GCC_WARN_UNUSED_FUNCTION = YES;
				GCC_WARN_UNUSED_VARIABLE = YES;
				IPHONEOS_DEPLOYMENT_TARGET = 10.3;
				MTL_ENABLE_DEBUG_INFO = YES;
				ONLY_ACTIVE_ARCH = YES;
				SDKROOT = iphoneos;
				SWIFT_ACTIVE_COMPILATION_CONDITIONS = DEBUG;
				SWIFT_OPTIMIZATION_LEVEL = "-Onone";
				TARGETED_DEVICE_FAMILY = "1,2";
			};
			name = Debug;
		};
		DA2513231F349CB000633093 /* Release */ = {
			isa = XCBuildConfiguration;
			buildSettings = {
				ALWAYS_SEARCH_USER_PATHS = NO;
				CLANG_ANALYZER_NONNULL = YES;
				CLANG_ANALYZER_NUMBER_OBJECT_CONVERSION = YES_AGGRESSIVE;
				CLANG_CXX_LANGUAGE_STANDARD = "gnu++0x";
				CLANG_CXX_LIBRARY = "libc++";
				CLANG_ENABLE_MODULES = YES;
				CLANG_ENABLE_OBJC_ARC = YES;
				CLANG_WARN_BLOCK_CAPTURE_AUTORELEASING = YES;
				CLANG_WARN_BOOL_CONVERSION = YES;
				CLANG_WARN_COMMA = YES;
				CLANG_WARN_CONSTANT_CONVERSION = YES;
				CLANG_WARN_DEPRECATED_OBJC_IMPLEMENTATIONS = YES;
				CLANG_WARN_DIRECT_OBJC_ISA_USAGE = YES_ERROR;
				CLANG_WARN_DOCUMENTATION_COMMENTS = YES;
				CLANG_WARN_EMPTY_BODY = YES;
				CLANG_WARN_ENUM_CONVERSION = YES;
				CLANG_WARN_INFINITE_RECURSION = YES;
				CLANG_WARN_INT_CONVERSION = YES;
				CLANG_WARN_NON_LITERAL_NULL_CONVERSION = YES;
				CLANG_WARN_OBJC_IMPLICIT_RETAIN_SELF = YES;
				CLANG_WARN_OBJC_LITERAL_CONVERSION = YES;
				CLANG_WARN_OBJC_ROOT_CLASS = YES_ERROR;
				CLANG_WARN_RANGE_LOOP_ANALYSIS = YES;
				CLANG_WARN_STRICT_PROTOTYPES = YES;
				CLANG_WARN_SUSPICIOUS_MOVE = YES;
				CLANG_WARN_UNREACHABLE_CODE = YES;
				CLANG_WARN__DUPLICATE_METHOD_MATCH = YES;
				"CODE_SIGN_IDENTITY[sdk=iphoneos*]" = "iPhone Developer";
				COPY_PHASE_STRIP = NO;
				DEBUG_INFORMATION_FORMAT = "dwarf-with-dsym";
				ENABLE_NS_ASSERTIONS = NO;
				ENABLE_STRICT_OBJC_MSGSEND = YES;
				GCC_C_LANGUAGE_STANDARD = gnu99;
				GCC_NO_COMMON_BLOCKS = YES;
				GCC_WARN_64_TO_32_BIT_CONVERSION = YES;
				GCC_WARN_ABOUT_RETURN_TYPE = YES_ERROR;
				GCC_WARN_UNDECLARED_SELECTOR = YES;
				GCC_WARN_UNINITIALIZED_AUTOS = YES_AGGRESSIVE;
				GCC_WARN_UNUSED_FUNCTION = YES;
				GCC_WARN_UNUSED_VARIABLE = YES;
				IPHONEOS_DEPLOYMENT_TARGET = 10.3;
				MTL_ENABLE_DEBUG_INFO = NO;
				SDKROOT = iphoneos;
				SWIFT_OPTIMIZATION_LEVEL = "-Owholemodule";
				TARGETED_DEVICE_FAMILY = "1,2";
				VALIDATE_PRODUCT = YES;
			};
			name = Release;
		};
		DA2513251F349CB000633093 /* Debug */ = {
			isa = XCBuildConfiguration;
			baseConfigurationReference = 841D14A02719ED4DF416E856 /* Pods-ZDOpenSourceSwiftDemo.debug.xcconfig */;
			buildSettings = {
				ASSETCATALOG_COMPILER_APPICON_NAME = AppIcon;
				CLANG_ENABLE_MODULES = YES;
				INFOPLIST_FILE = ZDOpenSourceSwiftDemo/Info.plist;
				IPHONEOS_DEPLOYMENT_TARGET = 10.0;
				LD_RUNPATH_SEARCH_PATHS = "$(inherited) @executable_path/Frameworks";
				PRODUCT_BUNDLE_IDENTIFIER = zero.ZDOpenSourceSwiftDemo;
				PRODUCT_NAME = "$(TARGET_NAME)";
				SWIFT_OBJC_BRIDGING_HEADER = "ZDOpenSourceSwiftDemo/ZDOpenSourceSwiftDemo-Bridging-Header.h";
				SWIFT_OPTIMIZATION_LEVEL = "-Onone";
				SWIFT_VERSION = 5.0;
				USER_HEADER_SEARCH_PATHS = "";
			};
			name = Debug;
		};
		DA2513261F349CB000633093 /* Release */ = {
			isa = XCBuildConfiguration;
			baseConfigurationReference = E11E4F06DCC44BD89C00BE63 /* Pods-ZDOpenSourceSwiftDemo.release.xcconfig */;
			buildSettings = {
				ASSETCATALOG_COMPILER_APPICON_NAME = AppIcon;
				CLANG_ENABLE_MODULES = YES;
				INFOPLIST_FILE = ZDOpenSourceSwiftDemo/Info.plist;
				IPHONEOS_DEPLOYMENT_TARGET = 10.0;
				LD_RUNPATH_SEARCH_PATHS = "$(inherited) @executable_path/Frameworks";
				PRODUCT_BUNDLE_IDENTIFIER = zero.ZDOpenSourceSwiftDemo;
				PRODUCT_NAME = "$(TARGET_NAME)";
				SWIFT_OBJC_BRIDGING_HEADER = "ZDOpenSourceSwiftDemo/ZDOpenSourceSwiftDemo-Bridging-Header.h";
				SWIFT_VERSION = 5.0;
				USER_HEADER_SEARCH_PATHS = "";
			};
			name = Release;
		};
		DA2513281F349CB000633093 /* Debug */ = {
			isa = XCBuildConfiguration;
			baseConfigurationReference = BF89B8362536C66AEAFD2172 /* Pods-ZDOpenSourceSwiftDemoTests.debug.xcconfig */;
			buildSettings = {
				ALWAYS_EMBED_SWIFT_STANDARD_LIBRARIES = YES;
				BUNDLE_LOADER = "$(TEST_HOST)";
				INFOPLIST_FILE = ZDOpenSourceSwiftDemoTests/Info.plist;
				LD_RUNPATH_SEARCH_PATHS = "$(inherited) @executable_path/Frameworks @loader_path/Frameworks";
				PRODUCT_BUNDLE_IDENTIFIER = zero.ZDOpenSourceSwiftDemoTests;
				PRODUCT_NAME = "$(TARGET_NAME)";
				SWIFT_SWIFT3_OBJC_INFERENCE = On;
				SWIFT_VERSION = 4.2;
				TEST_HOST = "$(BUILT_PRODUCTS_DIR)/ZDOpenSourceSwiftDemo.app/ZDOpenSourceSwiftDemo";
			};
			name = Debug;
		};
		DA2513291F349CB000633093 /* Release */ = {
			isa = XCBuildConfiguration;
			baseConfigurationReference = E301815B8D5D46CF1CE87075 /* Pods-ZDOpenSourceSwiftDemoTests.release.xcconfig */;
			buildSettings = {
				ALWAYS_EMBED_SWIFT_STANDARD_LIBRARIES = YES;
				BUNDLE_LOADER = "$(TEST_HOST)";
				INFOPLIST_FILE = ZDOpenSourceSwiftDemoTests/Info.plist;
				LD_RUNPATH_SEARCH_PATHS = "$(inherited) @executable_path/Frameworks @loader_path/Frameworks";
				PRODUCT_BUNDLE_IDENTIFIER = zero.ZDOpenSourceSwiftDemoTests;
				PRODUCT_NAME = "$(TARGET_NAME)";
				SWIFT_SWIFT3_OBJC_INFERENCE = On;
				SWIFT_VERSION = 4.2;
				TEST_HOST = "$(BUILT_PRODUCTS_DIR)/ZDOpenSourceSwiftDemo.app/ZDOpenSourceSwiftDemo";
			};
			name = Release;
		};
		DA25132B1F349CB000633093 /* Debug */ = {
			isa = XCBuildConfiguration;
			baseConfigurationReference = 11C03676187E2385A41D290E /* Pods-ZDOpenSourceSwiftDemoUITests.debug.xcconfig */;
			buildSettings = {
				ALWAYS_EMBED_SWIFT_STANDARD_LIBRARIES = YES;
				INFOPLIST_FILE = ZDOpenSourceSwiftDemoUITests/Info.plist;
				LD_RUNPATH_SEARCH_PATHS = "$(inherited) @executable_path/Frameworks @loader_path/Frameworks";
				PRODUCT_BUNDLE_IDENTIFIER = zero.ZDOpenSourceSwiftDemoUITests;
				PRODUCT_NAME = "$(TARGET_NAME)";
				SWIFT_SWIFT3_OBJC_INFERENCE = On;
				SWIFT_VERSION = 4.2;
				TEST_TARGET_NAME = ZDOpenSourceSwiftDemo;
			};
			name = Debug;
		};
		DA25132C1F349CB000633093 /* Release */ = {
			isa = XCBuildConfiguration;
			baseConfigurationReference = 4D15437746CC6E6B315F99FE /* Pods-ZDOpenSourceSwiftDemoUITests.release.xcconfig */;
			buildSettings = {
				ALWAYS_EMBED_SWIFT_STANDARD_LIBRARIES = YES;
				INFOPLIST_FILE = ZDOpenSourceSwiftDemoUITests/Info.plist;
				LD_RUNPATH_SEARCH_PATHS = "$(inherited) @executable_path/Frameworks @loader_path/Frameworks";
				PRODUCT_BUNDLE_IDENTIFIER = zero.ZDOpenSourceSwiftDemoUITests;
				PRODUCT_NAME = "$(TARGET_NAME)";
				SWIFT_SWIFT3_OBJC_INFERENCE = On;
				SWIFT_VERSION = 4.2;
				TEST_TARGET_NAME = ZDOpenSourceSwiftDemo;
			};
			name = Release;
		};
/* End XCBuildConfiguration section */

/* Begin XCConfigurationList section */
		DA2512F71F349CAF00633093 /* Build configuration list for PBXProject "ZDOpenSourceSwiftDemo" */ = {
			isa = XCConfigurationList;
			buildConfigurations = (
				DA2513221F349CB000633093 /* Debug */,
				DA2513231F349CB000633093 /* Release */,
			);
			defaultConfigurationIsVisible = 0;
			defaultConfigurationName = Release;
		};
		DA2513241F349CB000633093 /* Build configuration list for PBXNativeTarget "ZDOpenSourceSwiftDemo" */ = {
			isa = XCConfigurationList;
			buildConfigurations = (
				DA2513251F349CB000633093 /* Debug */,
				DA2513261F349CB000633093 /* Release */,
			);
			defaultConfigurationIsVisible = 0;
			defaultConfigurationName = Release;
		};
		DA2513271F349CB000633093 /* Build configuration list for PBXNativeTarget "ZDOpenSourceSwiftDemoTests" */ = {
			isa = XCConfigurationList;
			buildConfigurations = (
				DA2513281F349CB000633093 /* Debug */,
				DA2513291F349CB000633093 /* Release */,
			);
			defaultConfigurationIsVisible = 0;
			defaultConfigurationName = Release;
		};
		DA25132A1F349CB000633093 /* Build configuration list for PBXNativeTarget "ZDOpenSourceSwiftDemoUITests" */ = {
			isa = XCConfigurationList;
			buildConfigurations = (
				DA25132B1F349CB000633093 /* Debug */,
				DA25132C1F349CB000633093 /* Release */,
			);
			defaultConfigurationIsVisible = 0;
			defaultConfigurationName = Release;
		};
/* End XCConfigurationList section */
	};
	rootObject = DA2512F41F349CAF00633093 /* Project object */;
}
